// !$*UTF8*$!
{
	archiveVersion = 1;
	classes = {
	};
	objectVersion = 46;
	objects = {

/* Begin PBXBuildFile section */
		1E206B8A1B665E6D00441E12 /* Kanna.framework in Frameworks */ = {isa = PBXBuildFile; fileRef = 1EBA8A6B1B6632E800226B9C /* Kanna.framework */; };
		1E206B901B665E8700441E12 /* KannaTests.swift in Sources */ = {isa = PBXBuildFile; fileRef = 1EAFA0F81B603A71001F3D84 /* KannaTests.swift */; };
		1E206B911B666AD400441E12 /* test_HTML4.html in Resources */ = {isa = PBXBuildFile; fileRef = 1E69153E1B64114900AF1851 /* test_HTML4.html */; };
		1E206B921B666AD400441E12 /* test_XML_ExcelWorkbook.xml in Resources */ = {isa = PBXBuildFile; fileRef = 1EBA8A311B6561D900226B9C /* test_XML_ExcelWorkbook.xml */; };
		1E4E6E271B62C69F003B2BE8 /* libxmlParserOption.swift in Sources */ = {isa = PBXBuildFile; fileRef = 1E4E6E261B62C69F003B2BE8 /* libxmlParserOption.swift */; };
		1E4F86BD1BD90B42008EF835 /* Kanna.h in Headers */ = {isa = PBXBuildFile; fileRef = 1EAFA0F41B603A56001F3D84 /* Kanna.h */; settings = {ATTRIBUTES = (Public, ); }; };
		1E4F86D71BD90B52008EF835 /* Kanna.swift in Sources */ = {isa = PBXBuildFile; fileRef = 1EAFA1601B604252001F3D84 /* Kanna.swift */; };
		1E4F86D81BD90B52008EF835 /* CSS.swift in Sources */ = {isa = PBXBuildFile; fileRef = 1EAFA1631B6042C2001F3D84 /* CSS.swift */; };
		1E4F86D91BD90B52008EF835 /* libxmlHTMLDocument.swift in Sources */ = {isa = PBXBuildFile; fileRef = 1EAFA1761B60CA6F001F3D84 /* libxmlHTMLDocument.swift */; };
		1E4F86DA1BD90B52008EF835 /* libxmlHTMLNode.swift in Sources */ = {isa = PBXBuildFile; fileRef = 1EAFA1781B60CAB5001F3D84 /* libxmlHTMLNode.swift */; };
		1E4F86DB1BD90B52008EF835 /* libxmlParserOption.swift in Sources */ = {isa = PBXBuildFile; fileRef = 1E4E6E261B62C69F003B2BE8 /* libxmlParserOption.swift */; };
		1E69153F1B64114900AF1851 /* test_HTML4.html in Resources */ = {isa = PBXBuildFile; fileRef = 1E69153E1B64114900AF1851 /* test_HTML4.html */; };
		1EAFA0E41B6039D5001F3D84 /* Kanna.framework in Frameworks */ = {isa = PBXBuildFile; fileRef = 1EAFA0D81B6039D5001F3D84 /* Kanna.framework */; };
		1EAFA0F51B603A56001F3D84 /* Kanna.h in Headers */ = {isa = PBXBuildFile; fileRef = 1EAFA0F41B603A56001F3D84 /* Kanna.h */; settings = {ATTRIBUTES = (Public, ); }; };
		1EAFA0F91B603A71001F3D84 /* KannaTests.swift in Sources */ = {isa = PBXBuildFile; fileRef = 1EAFA0F81B603A71001F3D84 /* KannaTests.swift */; };
		1EAFA1611B604252001F3D84 /* Kanna.swift in Sources */ = {isa = PBXBuildFile; fileRef = 1EAFA1601B604252001F3D84 /* Kanna.swift */; };
		1EAFA1691B6042C2001F3D84 /* CSS.swift in Sources */ = {isa = PBXBuildFile; fileRef = 1EAFA1631B6042C2001F3D84 /* CSS.swift */; };
		1EAFA1771B60CA6F001F3D84 /* libxmlHTMLDocument.swift in Sources */ = {isa = PBXBuildFile; fileRef = 1EAFA1761B60CA6F001F3D84 /* libxmlHTMLDocument.swift */; };
		1EAFA1791B60CAB5001F3D84 /* libxmlHTMLNode.swift in Sources */ = {isa = PBXBuildFile; fileRef = 1EAFA1781B60CAB5001F3D84 /* libxmlHTMLNode.swift */; };
		1EBA8A321B6561D900226B9C /* test_XML_ExcelWorkbook.xml in Resources */ = {isa = PBXBuildFile; fileRef = 1EBA8A311B6561D900226B9C /* test_XML_ExcelWorkbook.xml */; };
		1EBA8A881B6633ED00226B9C /* Kanna.swift in Sources */ = {isa = PBXBuildFile; fileRef = 1EAFA1601B604252001F3D84 /* Kanna.swift */; };
		1EBA8A891B6633F300226B9C /* CSS.swift in Sources */ = {isa = PBXBuildFile; fileRef = 1EAFA1631B6042C2001F3D84 /* CSS.swift */; };
		1EBA8A8A1B6633FB00226B9C /* libxmlHTMLDocument.swift in Sources */ = {isa = PBXBuildFile; fileRef = 1EAFA1761B60CA6F001F3D84 /* libxmlHTMLDocument.swift */; };
		1EBA8A8B1B6633FD00226B9C /* libxmlHTMLNode.swift in Sources */ = {isa = PBXBuildFile; fileRef = 1EAFA1781B60CAB5001F3D84 /* libxmlHTMLNode.swift */; };
		1EBA8A8C1B6633FF00226B9C /* libxmlParserOption.swift in Sources */ = {isa = PBXBuildFile; fileRef = 1E4E6E261B62C69F003B2BE8 /* libxmlParserOption.swift */; };
		1EBA8AA61B66355900226B9C /* Kanna.h in Headers */ = {isa = PBXBuildFile; fileRef = 1EAFA0F41B603A56001F3D84 /* Kanna.h */; settings = {ATTRIBUTES = (Public, ); }; };
		1EC47DB51BC9729F00647902 /* Kanna.framework in Frameworks */ = {isa = PBXBuildFile; fileRef = 1EC47DAB1BC9729F00647902 /* Kanna.framework */; };
		1EC47DF71BCA0B7300647902 /* Kanna.swift in Sources */ = {isa = PBXBuildFile; fileRef = 1EAFA1601B604252001F3D84 /* Kanna.swift */; };
		1EC47DF81BCA0B7300647902 /* CSS.swift in Sources */ = {isa = PBXBuildFile; fileRef = 1EAFA1631B6042C2001F3D84 /* CSS.swift */; };
		1EC47DF91BCA0B7300647902 /* libxmlHTMLDocument.swift in Sources */ = {isa = PBXBuildFile; fileRef = 1EAFA1761B60CA6F001F3D84 /* libxmlHTMLDocument.swift */; };
		1EC47DFA1BCA0B7300647902 /* libxmlHTMLNode.swift in Sources */ = {isa = PBXBuildFile; fileRef = 1EAFA1781B60CAB5001F3D84 /* libxmlHTMLNode.swift */; };
		1EC47DFB1BCA0B7300647902 /* libxmlParserOption.swift in Sources */ = {isa = PBXBuildFile; fileRef = 1E4E6E261B62C69F003B2BE8 /* libxmlParserOption.swift */; };
		1EC47DFC1BCA0B8800647902 /* Kanna.h in Headers */ = {isa = PBXBuildFile; fileRef = 1EAFA0F41B603A56001F3D84 /* Kanna.h */; settings = {ATTRIBUTES = (Public, ); }; };
/* End PBXBuildFile section */

/* Begin PBXContainerItemProxy section */
		1E206B8B1B665E6D00441E12 /* PBXContainerItemProxy */ = {
			isa = PBXContainerItemProxy;
			containerPortal = 1EAFA0CF1B6039D5001F3D84 /* Project object */;
			proxyType = 1;
			remoteGlobalIDString = 1EBA8A6A1B6632E800226B9C;
			remoteInfo = Kanna_OSX;
		};
		1EAFA0E51B6039D5001F3D84 /* PBXContainerItemProxy */ = {
			isa = PBXContainerItemProxy;
			containerPortal = 1EAFA0CF1B6039D5001F3D84 /* Project object */;
			proxyType = 1;
			remoteGlobalIDString = 1EAFA0D71B6039D5001F3D84;
			remoteInfo = Kanna;
		};
		1EC47DB61BC9729F00647902 /* PBXContainerItemProxy */ = {
			isa = PBXContainerItemProxy;
			containerPortal = 1EAFA0CF1B6039D5001F3D84 /* Project object */;
			proxyType = 1;
			remoteGlobalIDString = 1EC47DAA1BC9729F00647902;
			remoteInfo = Kanna;
		};
/* End PBXContainerItemProxy section */

/* Begin PBXFileReference section */
		1E206B841B665E6D00441E12 /* Kanna_OSX Tests.xctest */ = {isa = PBXFileReference; explicitFileType = wrapper.cfbundle; includeInIndex = 0; path = "Kanna_OSX Tests.xctest"; sourceTree = BUILT_PRODUCTS_DIR; };
		1E4E6E261B62C69F003B2BE8 /* libxmlParserOption.swift */ = {isa = PBXFileReference; fileEncoding = 4; lastKnownFileType = sourcecode.swift; name = libxmlParserOption.swift; path = Source/libxml/libxmlParserOption.swift; sourceTree = SOURCE_ROOT; };
		1E4F86B51BD90AE1008EF835 /* Kanna.framework */ = {isa = PBXFileReference; explicitFileType = wrapper.framework; includeInIndex = 0; path = Kanna.framework; sourceTree = BUILT_PRODUCTS_DIR; };
		1E4F86B71BD90AE1008EF835 /* Kanna.h */ = {isa = PBXFileReference; lastKnownFileType = sourcecode.c.h; path = Kanna.h; sourceTree = "<group>"; };
		1E4F86B91BD90AE1008EF835 /* Info.plist */ = {isa = PBXFileReference; lastKnownFileType = text.plist.xml; path = Info.plist; sourceTree = "<group>"; };
		1E69153E1B64114900AF1851 /* test_HTML4.html */ = {isa = PBXFileReference; fileEncoding = 4; lastKnownFileType = text.html; name = test_HTML4.html; path = Tests/test_HTML4.html; sourceTree = SOURCE_ROOT; };
		1EAFA0D81B6039D5001F3D84 /* Kanna.framework */ = {isa = PBXFileReference; explicitFileType = wrapper.framework; includeInIndex = 0; path = Kanna.framework; sourceTree = BUILT_PRODUCTS_DIR; };
		1EAFA0E31B6039D5001F3D84 /* KannaTests.xctest */ = {isa = PBXFileReference; explicitFileType = wrapper.cfbundle; includeInIndex = 0; path = KannaTests.xctest; sourceTree = BUILT_PRODUCTS_DIR; };
		1EAFA0F41B603A56001F3D84 /* Kanna.h */ = {isa = PBXFileReference; fileEncoding = 4; lastKnownFileType = sourcecode.c.h; name = Kanna.h; path = Source/Kanna.h; sourceTree = SOURCE_ROOT; };
		1EAFA0F61B603A61001F3D84 /* Info.plist */ = {isa = PBXFileReference; fileEncoding = 4; lastKnownFileType = text.plist.xml; name = Info.plist; path = Source/Info.plist; sourceTree = SOURCE_ROOT; };
		1EAFA0F81B603A71001F3D84 /* KannaTests.swift */ = {isa = PBXFileReference; fileEncoding = 4; lastKnownFileType = sourcecode.swift; name = KannaTests.swift; path = Tests/KannaTests.swift; sourceTree = SOURCE_ROOT; };
		1EAFA0FA1B603A79001F3D84 /* Info.plist */ = {isa = PBXFileReference; fileEncoding = 4; lastKnownFileType = text.plist.xml; name = Info.plist; path = Tests/Info.plist; sourceTree = SOURCE_ROOT; };
		1EAFA1601B604252001F3D84 /* Kanna.swift */ = {isa = PBXFileReference; fileEncoding = 4; lastKnownFileType = sourcecode.swift; name = Kanna.swift; path = Source/Kanna.swift; sourceTree = SOURCE_ROOT; };
		1EAFA1631B6042C2001F3D84 /* CSS.swift */ = {isa = PBXFileReference; fileEncoding = 4; lastKnownFileType = sourcecode.swift; name = CSS.swift; path = Source/CSS.swift; sourceTree = SOURCE_ROOT; };
		1EAFA1761B60CA6F001F3D84 /* libxmlHTMLDocument.swift */ = {isa = PBXFileReference; fileEncoding = 4; lastKnownFileType = sourcecode.swift; name = libxmlHTMLDocument.swift; path = Source/libxml/libxmlHTMLDocument.swift; sourceTree = SOURCE_ROOT; };
		1EAFA1781B60CAB5001F3D84 /* libxmlHTMLNode.swift */ = {isa = PBXFileReference; fileEncoding = 4; lastKnownFileType = sourcecode.swift; name = libxmlHTMLNode.swift; path = Source/libxml/libxmlHTMLNode.swift; sourceTree = SOURCE_ROOT; };
		1EBA8A311B6561D900226B9C /* test_XML_ExcelWorkbook.xml */ = {isa = PBXFileReference; fileEncoding = 4; lastKnownFileType = text.xml; name = test_XML_ExcelWorkbook.xml; path = Tests/test_XML_ExcelWorkbook.xml; sourceTree = SOURCE_ROOT; };
		1EBA8A6B1B6632E800226B9C /* Kanna.framework */ = {isa = PBXFileReference; explicitFileType = wrapper.framework; includeInIndex = 0; path = Kanna.framework; sourceTree = BUILT_PRODUCTS_DIR; };
		1EC47DAB1BC9729F00647902 /* Kanna.framework */ = {isa = PBXFileReference; explicitFileType = wrapper.framework; includeInIndex = 0; path = Kanna.framework; sourceTree = BUILT_PRODUCTS_DIR; };
		1EC47DB41BC9729F00647902 /* Kanna_tvOS Tests.xctest */ = {isa = PBXFileReference; explicitFileType = wrapper.cfbundle; includeInIndex = 0; path = "Kanna_tvOS Tests.xctest"; sourceTree = BUILT_PRODUCTS_DIR; };
/* End PBXFileReference section */

/* Begin PBXFrameworksBuildPhase section */
		1E206B811B665E6D00441E12 /* Frameworks */ = {
			isa = PBXFrameworksBuildPhase;
			buildActionMask = 2147483647;
			files = (
				1E206B8A1B665E6D00441E12 /* Kanna.framework in Frameworks */,
			);
			runOnlyForDeploymentPostprocessing = 0;
		};
		1E4F86B11BD90AE1008EF835 /* Frameworks */ = {
			isa = PBXFrameworksBuildPhase;
			buildActionMask = 2147483647;
			files = (
			);
			runOnlyForDeploymentPostprocessing = 0;
		};
		1EAFA0D41B6039D5001F3D84 /* Frameworks */ = {
			isa = PBXFrameworksBuildPhase;
			buildActionMask = 2147483647;
			files = (
			);
			runOnlyForDeploymentPostprocessing = 0;
		};
		1EAFA0E01B6039D5001F3D84 /* Frameworks */ = {
			isa = PBXFrameworksBuildPhase;
			buildActionMask = 2147483647;
			files = (
				1EAFA0E41B6039D5001F3D84 /* Kanna.framework in Frameworks */,
			);
			runOnlyForDeploymentPostprocessing = 0;
		};
		1EBA8A671B6632E800226B9C /* Frameworks */ = {
			isa = PBXFrameworksBuildPhase;
			buildActionMask = 2147483647;
			files = (
			);
			runOnlyForDeploymentPostprocessing = 0;
		};
		1EC47DA71BC9729F00647902 /* Frameworks */ = {
			isa = PBXFrameworksBuildPhase;
			buildActionMask = 2147483647;
			files = (
			);
			runOnlyForDeploymentPostprocessing = 0;
		};
		1EC47DB11BC9729F00647902 /* Frameworks */ = {
			isa = PBXFrameworksBuildPhase;
			buildActionMask = 2147483647;
			files = (
				1EC47DB51BC9729F00647902 /* Kanna.framework in Frameworks */,
			);
			runOnlyForDeploymentPostprocessing = 0;
		};
/* End PBXFrameworksBuildPhase section */

/* Begin PBXGroup section */
		1E4F86B61BD90AE1008EF835 /* Kanna */ = {
			isa = PBXGroup;
			children = (
				1E4F86B71BD90AE1008EF835 /* Kanna.h */,
				1E4F86B91BD90AE1008EF835 /* Info.plist */,
			);
			path = Kanna;
			sourceTree = "<group>";
		};
		1EAFA0CE1B6039D5001F3D84 = {
			isa = PBXGroup;
			children = (
				1EAFA0DA1B6039D5001F3D84 /* Source */,
				1EAFA0E71B6039D5001F3D84 /* Tests */,
				1E4F86B61BD90AE1008EF835 /* Kanna */,
				1EAFA0D91B6039D5001F3D84 /* Products */,
			);
			sourceTree = "<group>";
		};
		1EAFA0D91B6039D5001F3D84 /* Products */ = {
			isa = PBXGroup;
			children = (
				1EAFA0D81B6039D5001F3D84 /* Kanna.framework */,
				1EAFA0E31B6039D5001F3D84 /* KannaTests.xctest */,
				1EBA8A6B1B6632E800226B9C /* Kanna.framework */,
				1E206B841B665E6D00441E12 /* Kanna_OSX Tests.xctest */,
				1EC47DAB1BC9729F00647902 /* Kanna.framework */,
				1EC47DB41BC9729F00647902 /* Kanna_tvOS Tests.xctest */,
				1E4F86B51BD90AE1008EF835 /* Kanna.framework */,
			);
			name = Products;
			sourceTree = "<group>";
		};
		1EAFA0DA1B6039D5001F3D84 /* Source */ = {
			isa = PBXGroup;
			children = (
				1EAFA1601B604252001F3D84 /* Kanna.swift */,
				1EAFA0F41B603A56001F3D84 /* Kanna.h */,
				1EAFA1631B6042C2001F3D84 /* CSS.swift */,
				1EAFA1751B60CA1B001F3D84 /* libxml */,
				1EAFA0DB1B6039D5001F3D84 /* Supporting Files */,
			);
			name = Source;
			path = Kanna;
			sourceTree = "<group>";
		};
		1EAFA0DB1B6039D5001F3D84 /* Supporting Files */ = {
			isa = PBXGroup;
			children = (
				1EAFA0F61B603A61001F3D84 /* Info.plist */,
			);
			name = "Supporting Files";
			sourceTree = "<group>";
		};
		1EAFA0E71B6039D5001F3D84 /* Tests */ = {
			isa = PBXGroup;
			children = (
				1EAFA0F81B603A71001F3D84 /* KannaTests.swift */,
				1E69153E1B64114900AF1851 /* test_HTML4.html */,
				1EBA8A311B6561D900226B9C /* test_XML_ExcelWorkbook.xml */,
				1EAFA0E81B6039D5001F3D84 /* Supporting Files */,
			);
			name = Tests;
			path = KannaTests;
			sourceTree = "<group>";
		};
		1EAFA0E81B6039D5001F3D84 /* Supporting Files */ = {
			isa = PBXGroup;
			children = (
				1EAFA0FA1B603A79001F3D84 /* Info.plist */,
			);
			name = "Supporting Files";
			sourceTree = "<group>";
		};
		1EAFA1751B60CA1B001F3D84 /* libxml */ = {
			isa = PBXGroup;
			children = (
				1EAFA1761B60CA6F001F3D84 /* libxmlHTMLDocument.swift */,
				1EAFA1781B60CAB5001F3D84 /* libxmlHTMLNode.swift */,
				1E4E6E261B62C69F003B2BE8 /* libxmlParserOption.swift */,
			);
			name = libxml;
			sourceTree = "<group>";
		};
/* End PBXGroup section */

/* Begin PBXHeadersBuildPhase section */
		1E4F86B21BD90AE1008EF835 /* Headers */ = {
			isa = PBXHeadersBuildPhase;
			buildActionMask = 2147483647;
			files = (
				1E4F86BD1BD90B42008EF835 /* Kanna.h in Headers */,
			);
			runOnlyForDeploymentPostprocessing = 0;
		};
		1EAFA0D51B6039D5001F3D84 /* Headers */ = {
			isa = PBXHeadersBuildPhase;
			buildActionMask = 2147483647;
			files = (
				1EAFA0F51B603A56001F3D84 /* Kanna.h in Headers */,
			);
			runOnlyForDeploymentPostprocessing = 0;
		};
		1EBA8A681B6632E800226B9C /* Headers */ = {
			isa = PBXHeadersBuildPhase;
			buildActionMask = 2147483647;
			files = (
				1EBA8AA61B66355900226B9C /* Kanna.h in Headers */,
			);
			runOnlyForDeploymentPostprocessing = 0;
		};
		1EC47DA81BC9729F00647902 /* Headers */ = {
			isa = PBXHeadersBuildPhase;
			buildActionMask = 2147483647;
			files = (
				1EC47DFC1BCA0B8800647902 /* Kanna.h in Headers */,
			);
			runOnlyForDeploymentPostprocessing = 0;
		};
/* End PBXHeadersBuildPhase section */

/* Begin PBXNativeTarget section */
		1E206B831B665E6D00441E12 /* Kanna_OSX Tests */ = {
			isa = PBXNativeTarget;
			buildConfigurationList = 1E206B8D1B665E6D00441E12 /* Build configuration list for PBXNativeTarget "Kanna_OSX Tests" */;
			buildPhases = (
				1E206B801B665E6D00441E12 /* Sources */,
				1E206B811B665E6D00441E12 /* Frameworks */,
				1E206B821B665E6D00441E12 /* Resources */,
			);
			buildRules = (
			);
			dependencies = (
				1E206B8C1B665E6D00441E12 /* PBXTargetDependency */,
			);
			name = "Kanna_OSX Tests";
			productName = "Kanna_OSX Tests";
			productReference = 1E206B841B665E6D00441E12 /* Kanna_OSX Tests.xctest */;
			productType = "com.apple.product-type.bundle.unit-test";
		};
		1E4F86B41BD90AE1008EF835 /* Kanna_watchOS */ = {
			isa = PBXNativeTarget;
			buildConfigurationList = 1E4F86BC1BD90AE1008EF835 /* Build configuration list for PBXNativeTarget "Kanna_watchOS" */;
			buildPhases = (
				1E4F86B01BD90AE1008EF835 /* Sources */,
				1E4F86B11BD90AE1008EF835 /* Frameworks */,
				1E4F86B21BD90AE1008EF835 /* Headers */,
				1E4F86B31BD90AE1008EF835 /* Resources */,
			);
			buildRules = (
			);
			dependencies = (
			);
			name = Kanna_watchOS;
			productName = Kanna;
			productReference = 1E4F86B51BD90AE1008EF835 /* Kanna.framework */;
			productType = "com.apple.product-type.framework";
		};
		1EAFA0D71B6039D5001F3D84 /* Kanna_iOS */ = {
			isa = PBXNativeTarget;
			buildConfigurationList = 1EAFA0EE1B6039D5001F3D84 /* Build configuration list for PBXNativeTarget "Kanna_iOS" */;
			buildPhases = (
				1EAFA0D31B6039D5001F3D84 /* Sources */,
				1EAFA0D41B6039D5001F3D84 /* Frameworks */,
				1EAFA0D51B6039D5001F3D84 /* Headers */,
				1EAFA0D61B6039D5001F3D84 /* Resources */,
			);
			buildRules = (
			);
			dependencies = (
			);
			name = Kanna_iOS;
			productName = Kanna;
			productReference = 1EAFA0D81B6039D5001F3D84 /* Kanna.framework */;
			productType = "com.apple.product-type.framework";
		};
		1EAFA0E21B6039D5001F3D84 /* KannaTests */ = {
			isa = PBXNativeTarget;
			buildConfigurationList = 1EAFA0F11B6039D5001F3D84 /* Build configuration list for PBXNativeTarget "KannaTests" */;
			buildPhases = (
				1EAFA0DF1B6039D5001F3D84 /* Sources */,
				1EAFA0E01B6039D5001F3D84 /* Frameworks */,
				1EAFA0E11B6039D5001F3D84 /* Resources */,
			);
			buildRules = (
			);
			dependencies = (
				1EAFA0E61B6039D5001F3D84 /* PBXTargetDependency */,
			);
			name = KannaTests;
			productName = KannaTests;
			productReference = 1EAFA0E31B6039D5001F3D84 /* KannaTests.xctest */;
			productType = "com.apple.product-type.bundle.unit-test";
		};
		1EBA8A6A1B6632E800226B9C /* Kanna_OSX */ = {
			isa = PBXNativeTarget;
			buildConfigurationList = 1EBA8A821B6632E800226B9C /* Build configuration list for PBXNativeTarget "Kanna_OSX" */;
			buildPhases = (
				1EBA8A661B6632E800226B9C /* Sources */,
				1EBA8A671B6632E800226B9C /* Frameworks */,
				1EBA8A681B6632E800226B9C /* Headers */,
				1EBA8A691B6632E800226B9C /* Resources */,
			);
			buildRules = (
			);
			dependencies = (
			);
			name = Kanna_OSX;
			productName = Kanna_OSX;
			productReference = 1EBA8A6B1B6632E800226B9C /* Kanna.framework */;
			productType = "com.apple.product-type.framework";
		};
		1EC47DAA1BC9729F00647902 /* Kanna_tvOS */ = {
			isa = PBXNativeTarget;
			buildConfigurationList = 1EC47DC01BC9729F00647902 /* Build configuration list for PBXNativeTarget "Kanna_tvOS" */;
			buildPhases = (
				1EC47DA61BC9729F00647902 /* Sources */,
				1EC47DA71BC9729F00647902 /* Frameworks */,
				1EC47DA81BC9729F00647902 /* Headers */,
				1EC47DA91BC9729F00647902 /* Resources */,
			);
			buildRules = (
			);
			dependencies = (
			);
			name = Kanna_tvOS;
			productName = Kanna;
			productReference = 1EC47DAB1BC9729F00647902 /* Kanna.framework */;
			productType = "com.apple.product-type.framework";
		};
		1EC47DB31BC9729F00647902 /* Kanna_tvOS Tests */ = {
			isa = PBXNativeTarget;
			buildConfigurationList = 1EC47DC11BC9729F00647902 /* Build configuration list for PBXNativeTarget "Kanna_tvOS Tests" */;
			buildPhases = (
				1EC47DB01BC9729F00647902 /* Sources */,
				1EC47DB11BC9729F00647902 /* Frameworks */,
				1EC47DB21BC9729F00647902 /* Resources */,
			);
			buildRules = (
			);
			dependencies = (
				1EC47DB71BC9729F00647902 /* PBXTargetDependency */,
			);
			name = "Kanna_tvOS Tests";
			productName = KannaTests;
			productReference = 1EC47DB41BC9729F00647902 /* Kanna_tvOS Tests.xctest */;
			productType = "com.apple.product-type.bundle.unit-test";
		};
/* End PBXNativeTarget section */

/* Begin PBXProject section */
		1EAFA0CF1B6039D5001F3D84 /* Project object */ = {
			isa = PBXProject;
			attributes = {
				LastSwiftUpdateCheck = 0710;
				LastUpgradeCheck = 0700;
				ORGANIZATIONNAME = tid;
				TargetAttributes = {
					1E206B831B665E6D00441E12 = {
						CreatedOnToolsVersion = 6.4;
					};
					1E4F86B41BD90AE1008EF835 = {
						CreatedOnToolsVersion = 7.1;
					};
					1EAFA0D71B6039D5001F3D84 = {
						CreatedOnToolsVersion = 6.4;
					};
					1EAFA0E21B6039D5001F3D84 = {
						CreatedOnToolsVersion = 6.4;
					};
					1EBA8A6A1B6632E800226B9C = {
						CreatedOnToolsVersion = 6.4;
					};
					1EC47DAA1BC9729F00647902 = {
						CreatedOnToolsVersion = 7.1;
					};
					1EC47DB31BC9729F00647902 = {
						CreatedOnToolsVersion = 7.1;
					};
				};
			};
			buildConfigurationList = 1EAFA0D21B6039D5001F3D84 /* Build configuration list for PBXProject "Kanna" */;
			compatibilityVersion = "Xcode 3.2";
			developmentRegion = English;
			hasScannedForEncodings = 0;
			knownRegions = (
				en,
			);
			mainGroup = 1EAFA0CE1B6039D5001F3D84;
			productRefGroup = 1EAFA0D91B6039D5001F3D84 /* Products */;
			projectDirPath = "";
			projectRoot = "";
			targets = (
				1EAFA0D71B6039D5001F3D84 /* Kanna_iOS */,
				1EBA8A6A1B6632E800226B9C /* Kanna_OSX */,
				1EC47DAA1BC9729F00647902 /* Kanna_tvOS */,
				1E4F86B41BD90AE1008EF835 /* Kanna_watchOS */,
				1EAFA0E21B6039D5001F3D84 /* KannaTests */,
				1E206B831B665E6D00441E12 /* Kanna_OSX Tests */,
				1EC47DB31BC9729F00647902 /* Kanna_tvOS Tests */,
			);
		};
/* End PBXProject section */

/* Begin PBXResourcesBuildPhase section */
		1E206B821B665E6D00441E12 /* Resources */ = {
			isa = PBXResourcesBuildPhase;
			buildActionMask = 2147483647;
			files = (
				1E206B911B666AD400441E12 /* test_HTML4.html in Resources */,
				1E206B921B666AD400441E12 /* test_XML_ExcelWorkbook.xml in Resources */,
			);
			runOnlyForDeploymentPostprocessing = 0;
		};
		1E4F86B31BD90AE1008EF835 /* Resources */ = {
			isa = PBXResourcesBuildPhase;
			buildActionMask = 2147483647;
			files = (
			);
			runOnlyForDeploymentPostprocessing = 0;
		};
		1EAFA0D61B6039D5001F3D84 /* Resources */ = {
			isa = PBXResourcesBuildPhase;
			buildActionMask = 2147483647;
			files = (
			);
			runOnlyForDeploymentPostprocessing = 0;
		};
		1EAFA0E11B6039D5001F3D84 /* Resources */ = {
			isa = PBXResourcesBuildPhase;
			buildActionMask = 2147483647;
			files = (
				1E69153F1B64114900AF1851 /* test_HTML4.html in Resources */,
				1EBA8A321B6561D900226B9C /* test_XML_ExcelWorkbook.xml in Resources */,
			);
			runOnlyForDeploymentPostprocessing = 0;
		};
		1EBA8A691B6632E800226B9C /* Resources */ = {
			isa = PBXResourcesBuildPhase;
			buildActionMask = 2147483647;
			files = (
			);
			runOnlyForDeploymentPostprocessing = 0;
		};
		1EC47DA91BC9729F00647902 /* Resources */ = {
			isa = PBXResourcesBuildPhase;
			buildActionMask = 2147483647;
			files = (
			);
			runOnlyForDeploymentPostprocessing = 0;
		};
		1EC47DB21BC9729F00647902 /* Resources */ = {
			isa = PBXResourcesBuildPhase;
			buildActionMask = 2147483647;
			files = (
			);
			runOnlyForDeploymentPostprocessing = 0;
		};
/* End PBXResourcesBuildPhase section */

/* Begin PBXSourcesBuildPhase section */
		1E206B801B665E6D00441E12 /* Sources */ = {
			isa = PBXSourcesBuildPhase;
			buildActionMask = 2147483647;
			files = (
				1E206B901B665E8700441E12 /* KannaTests.swift in Sources */,
			);
			runOnlyForDeploymentPostprocessing = 0;
		};
		1E4F86B01BD90AE1008EF835 /* Sources */ = {
			isa = PBXSourcesBuildPhase;
			buildActionMask = 2147483647;
			files = (
				1E4F86D71BD90B52008EF835 /* Kanna.swift in Sources */,
				1E4F86D81BD90B52008EF835 /* CSS.swift in Sources */,
				1E4F86D91BD90B52008EF835 /* libxmlHTMLDocument.swift in Sources */,
				1E4F86DA1BD90B52008EF835 /* libxmlHTMLNode.swift in Sources */,
				1E4F86DB1BD90B52008EF835 /* libxmlParserOption.swift in Sources */,
			);
			runOnlyForDeploymentPostprocessing = 0;
		};
		1EAFA0D31B6039D5001F3D84 /* Sources */ = {
			isa = PBXSourcesBuildPhase;
			buildActionMask = 2147483647;
			files = (
				1E4E6E271B62C69F003B2BE8 /* libxmlParserOption.swift in Sources */,
				1EAFA1791B60CAB5001F3D84 /* libxmlHTMLNode.swift in Sources */,
				1EAFA1771B60CA6F001F3D84 /* libxmlHTMLDocument.swift in Sources */,
				1EAFA1691B6042C2001F3D84 /* CSS.swift in Sources */,
				1EAFA1611B604252001F3D84 /* Kanna.swift in Sources */,
			);
			runOnlyForDeploymentPostprocessing = 0;
		};
		1EAFA0DF1B6039D5001F3D84 /* Sources */ = {
			isa = PBXSourcesBuildPhase;
			buildActionMask = 2147483647;
			files = (
				1EAFA0F91B603A71001F3D84 /* KannaTests.swift in Sources */,
			);
			runOnlyForDeploymentPostprocessing = 0;
		};
		1EBA8A661B6632E800226B9C /* Sources */ = {
			isa = PBXSourcesBuildPhase;
			buildActionMask = 2147483647;
			files = (
				1EBA8A8A1B6633FB00226B9C /* libxmlHTMLDocument.swift in Sources */,
				1EBA8A8B1B6633FD00226B9C /* libxmlHTMLNode.swift in Sources */,
				1EBA8A8C1B6633FF00226B9C /* libxmlParserOption.swift in Sources */,
				1EBA8A881B6633ED00226B9C /* Kanna.swift in Sources */,
				1EBA8A891B6633F300226B9C /* CSS.swift in Sources */,
			);
			runOnlyForDeploymentPostprocessing = 0;
		};
		1EC47DA61BC9729F00647902 /* Sources */ = {
			isa = PBXSourcesBuildPhase;
			buildActionMask = 2147483647;
			files = (
				1EC47DF71BCA0B7300647902 /* Kanna.swift in Sources */,
				1EC47DF81BCA0B7300647902 /* CSS.swift in Sources */,
				1EC47DF91BCA0B7300647902 /* libxmlHTMLDocument.swift in Sources */,
				1EC47DFA1BCA0B7300647902 /* libxmlHTMLNode.swift in Sources */,
				1EC47DFB1BCA0B7300647902 /* libxmlParserOption.swift in Sources */,
			);
			runOnlyForDeploymentPostprocessing = 0;
		};
		1EC47DB01BC9729F00647902 /* Sources */ = {
			isa = PBXSourcesBuildPhase;
			buildActionMask = 2147483647;
			files = (
			);
			runOnlyForDeploymentPostprocessing = 0;
		};
/* End PBXSourcesBuildPhase section */

/* Begin PBXTargetDependency section */
		1E206B8C1B665E6D00441E12 /* PBXTargetDependency */ = {
			isa = PBXTargetDependency;
			target = 1EBA8A6A1B6632E800226B9C /* Kanna_OSX */;
			targetProxy = 1E206B8B1B665E6D00441E12 /* PBXContainerItemProxy */;
		};
		1EAFA0E61B6039D5001F3D84 /* PBXTargetDependency */ = {
			isa = PBXTargetDependency;
			target = 1EAFA0D71B6039D5001F3D84 /* Kanna_iOS */;
			targetProxy = 1EAFA0E51B6039D5001F3D84 /* PBXContainerItemProxy */;
		};
		1EC47DB71BC9729F00647902 /* PBXTargetDependency */ = {
			isa = PBXTargetDependency;
			target = 1EC47DAA1BC9729F00647902 /* Kanna_tvOS */;
			targetProxy = 1EC47DB61BC9729F00647902 /* PBXContainerItemProxy */;
		};
/* End PBXTargetDependency section */

/* Begin XCBuildConfiguration section */
		1E206B8E1B665E6D00441E12 /* Debug */ = {
			isa = XCBuildConfiguration;
			buildSettings = {
				COMBINE_HIDPI_IMAGES = YES;
				DEBUG_INFORMATION_FORMAT = dwarf;
				FRAMEWORK_SEARCH_PATHS = (
					"$(DEVELOPER_FRAMEWORKS_DIR)",
					"$(inherited)",
				);
				GCC_PREPROCESSOR_DEFINITIONS = (
					"DEBUG=1",
					"$(inherited)",
				);
				INFOPLIST_FILE = Tests/Info.plist;
				LD_RUNPATH_SEARCH_PATHS = "$(inherited) @executable_path/../Frameworks @loader_path/../Frameworks";
				MACOSX_DEPLOYMENT_TARGET = 10.10;
				PRODUCT_BUNDLE_IDENTIFIER = "com.tid.$(PRODUCT_NAME:rfc1034identifier)";
				PRODUCT_NAME = "$(TARGET_NAME)";
				SDKROOT = macosx;
			};
			name = Debug;
		};
		1E206B8F1B665E6D00441E12 /* Release */ = {
			isa = XCBuildConfiguration;
			buildSettings = {
				COMBINE_HIDPI_IMAGES = YES;
				FRAMEWORK_SEARCH_PATHS = (
					"$(DEVELOPER_FRAMEWORKS_DIR)",
					"$(inherited)",
				);
				INFOPLIST_FILE = Tests/Info.plist;
				LD_RUNPATH_SEARCH_PATHS = "$(inherited) @executable_path/../Frameworks @loader_path/../Frameworks";
				MACOSX_DEPLOYMENT_TARGET = 10.10;
				PRODUCT_BUNDLE_IDENTIFIER = "com.tid.$(PRODUCT_NAME:rfc1034identifier)";
				PRODUCT_NAME = "$(TARGET_NAME)";
				SDKROOT = macosx;
			};
			name = Release;
		};
		1E4F86BA1BD90AE1008EF835 /* Debug */ = {
			isa = XCBuildConfiguration;
			buildSettings = {
				APPLICATION_EXTENSION_API_ONLY = YES;
				DEBUG_INFORMATION_FORMAT = dwarf;
				DEFINES_MODULE = YES;
				DYLIB_COMPATIBILITY_VERSION = 1;
				DYLIB_CURRENT_VERSION = 1;
				DYLIB_INSTALL_NAME_BASE = "@rpath";
				INFOPLIST_FILE = "$(SRCROOT)/Source/Info.plist";
				INSTALL_PATH = "$(LOCAL_LIBRARY_DIR)/Frameworks";
				LD_RUNPATH_SEARCH_PATHS = "$(inherited) @executable_path/Frameworks @loader_path/Frameworks";
				PRODUCT_BUNDLE_IDENTIFIER = com.tid.Kanna;
				PRODUCT_NAME = Kanna;
				SDKROOT = watchos;
				SKIP_INSTALL = YES;
				SWIFT_INCLUDE_PATHS = "$(SRCROOT)/Modules";
				TARGETED_DEVICE_FAMILY = 4;
				WATCHOS_DEPLOYMENT_TARGET = 2.0;
			};
			name = Debug;
		};
		1E4F86BB1BD90AE1008EF835 /* Release */ = {
			isa = XCBuildConfiguration;
			buildSettings = {
				APPLICATION_EXTENSION_API_ONLY = YES;
				DEFINES_MODULE = YES;
				DYLIB_COMPATIBILITY_VERSION = 1;
				DYLIB_CURRENT_VERSION = 1;
				DYLIB_INSTALL_NAME_BASE = "@rpath";
				INFOPLIST_FILE = "$(SRCROOT)/Source/Info.plist";
				INSTALL_PATH = "$(LOCAL_LIBRARY_DIR)/Frameworks";
				LD_RUNPATH_SEARCH_PATHS = "$(inherited) @executable_path/Frameworks @loader_path/Frameworks";
				PRODUCT_BUNDLE_IDENTIFIER = com.tid.Kanna;
				PRODUCT_NAME = Kanna;
				SDKROOT = watchos;
				SKIP_INSTALL = YES;
				SWIFT_INCLUDE_PATHS = "$(SRCROOT)/Modules";
				TARGETED_DEVICE_FAMILY = 4;
				WATCHOS_DEPLOYMENT_TARGET = 2.0;
			};
			name = Release;
		};
		1EAFA0EC1B6039D5001F3D84 /* Debug */ = {
			isa = XCBuildConfiguration;
			buildSettings = {
				ALWAYS_SEARCH_USER_PATHS = NO;
				CLANG_ALLOW_NON_MODULAR_INCLUDES_IN_FRAMEWORK_MODULES = NO;
				CLANG_CXX_LANGUAGE_STANDARD = "gnu++0x";
				CLANG_CXX_LIBRARY = "libc++";
				CLANG_ENABLE_MODULES = YES;
				CLANG_ENABLE_OBJC_ARC = YES;
				CLANG_WARN_BOOL_CONVERSION = YES;
				CLANG_WARN_CONSTANT_CONVERSION = YES;
				CLANG_WARN_DIRECT_OBJC_ISA_USAGE = YES_ERROR;
				CLANG_WARN_EMPTY_BODY = YES;
				CLANG_WARN_ENUM_CONVERSION = YES;
				CLANG_WARN_INT_CONVERSION = YES;
				CLANG_WARN_OBJC_ROOT_CLASS = YES_ERROR;
				CLANG_WARN_UNREACHABLE_CODE = YES;
				CLANG_WARN__DUPLICATE_METHOD_MATCH = YES;
				"CODE_SIGN_IDENTITY[sdk=iphoneos*]" = "iPhone Developer";
				COPY_PHASE_STRIP = NO;
				CURRENT_PROJECT_VERSION = 1;
				DEBUG_INFORMATION_FORMAT = "dwarf-with-dsym";
				ENABLE_STRICT_OBJC_MSGSEND = YES;
				ENABLE_TESTABILITY = YES;
				GCC_C_LANGUAGE_STANDARD = gnu99;
				GCC_DYNAMIC_NO_PIC = NO;
				GCC_NO_COMMON_BLOCKS = YES;
				GCC_OPTIMIZATION_LEVEL = 0;
				GCC_PREPROCESSOR_DEFINITIONS = (
					"DEBUG=1",
					"$(inherited)",
				);
				GCC_SYMBOLS_PRIVATE_EXTERN = NO;
				GCC_WARN_64_TO_32_BIT_CONVERSION = YES;
				GCC_WARN_ABOUT_RETURN_TYPE = YES_ERROR;
				GCC_WARN_UNDECLARED_SELECTOR = YES;
				GCC_WARN_UNINITIALIZED_AUTOS = YES_AGGRESSIVE;
				GCC_WARN_UNUSED_FUNCTION = YES;
				GCC_WARN_UNUSED_VARIABLE = YES;
				HEADER_SEARCH_PATHS = (
					"$(inherited)",
					"$(SDKROOT)/usr/include/libxml2",
					"$(SRCROOT)/Library",
				);
				IPHONEOS_DEPLOYMENT_TARGET = 8.0;
				MACOSX_DEPLOYMENT_TARGET = 10.9;
				MTL_ENABLE_DEBUG_INFO = YES;
				ONLY_ACTIVE_ARCH = YES;
				OTHER_LDFLAGS = "-lxml2";
				SDKROOT = iphoneos;
				SWIFT_INCLUDE_PATHS = "$(SRCROOT)/Modules";
				SWIFT_OPTIMIZATION_LEVEL = "-Onone";
				TARGETED_DEVICE_FAMILY = "1,2";
				VERSIONING_SYSTEM = "apple-generic";
				VERSION_INFO_PREFIX = "";
			};
			name = Debug;
		};
		1EAFA0ED1B6039D5001F3D84 /* Release */ = {
			isa = XCBuildConfiguration;
			buildSettings = {
				ALWAYS_SEARCH_USER_PATHS = NO;
				CLANG_ALLOW_NON_MODULAR_INCLUDES_IN_FRAMEWORK_MODULES = NO;
				CLANG_CXX_LANGUAGE_STANDARD = "gnu++0x";
				CLANG_CXX_LIBRARY = "libc++";
				CLANG_ENABLE_MODULES = YES;
				CLANG_ENABLE_OBJC_ARC = YES;
				CLANG_WARN_BOOL_CONVERSION = YES;
				CLANG_WARN_CONSTANT_CONVERSION = YES;
				CLANG_WARN_DIRECT_OBJC_ISA_USAGE = YES_ERROR;
				CLANG_WARN_EMPTY_BODY = YES;
				CLANG_WARN_ENUM_CONVERSION = YES;
				CLANG_WARN_INT_CONVERSION = YES;
				CLANG_WARN_OBJC_ROOT_CLASS = YES_ERROR;
				CLANG_WARN_UNREACHABLE_CODE = YES;
				CLANG_WARN__DUPLICATE_METHOD_MATCH = YES;
				"CODE_SIGN_IDENTITY[sdk=iphoneos*]" = "iPhone Developer";
				COPY_PHASE_STRIP = NO;
				CURRENT_PROJECT_VERSION = 1;
				DEBUG_INFORMATION_FORMAT = "dwarf-with-dsym";
				ENABLE_NS_ASSERTIONS = NO;
				ENABLE_STRICT_OBJC_MSGSEND = YES;
				GCC_C_LANGUAGE_STANDARD = gnu99;
				GCC_NO_COMMON_BLOCKS = YES;
				GCC_WARN_64_TO_32_BIT_CONVERSION = YES;
				GCC_WARN_ABOUT_RETURN_TYPE = YES_ERROR;
				GCC_WARN_UNDECLARED_SELECTOR = YES;
				GCC_WARN_UNINITIALIZED_AUTOS = YES_AGGRESSIVE;
				GCC_WARN_UNUSED_FUNCTION = YES;
				GCC_WARN_UNUSED_VARIABLE = YES;
				HEADER_SEARCH_PATHS = (
					"$(inherited)",
					"$(SDKROOT)/usr/include/libxml2",
					"$(SRCROOT)/Library",
				);
				IPHONEOS_DEPLOYMENT_TARGET = 8.0;
				MACOSX_DEPLOYMENT_TARGET = 10.9;
				MTL_ENABLE_DEBUG_INFO = NO;
				OTHER_LDFLAGS = "-lxml2";
				SDKROOT = iphoneos;
				SWIFT_INCLUDE_PATHS = "$(SRCROOT)/Modules";
				TARGETED_DEVICE_FAMILY = "1,2";
				VALIDATE_PRODUCT = YES;
				VERSIONING_SYSTEM = "apple-generic";
				VERSION_INFO_PREFIX = "";
			};
			name = Release;
		};
		1EAFA0EF1B6039D5001F3D84 /* Debug */ = {
			isa = XCBuildConfiguration;
			buildSettings = {
				CLANG_ALLOW_NON_MODULAR_INCLUDES_IN_FRAMEWORK_MODULES = NO;
				CLANG_ENABLE_MODULES = YES;
				DEFINES_MODULE = YES;
				DYLIB_COMPATIBILITY_VERSION = 1;
				DYLIB_CURRENT_VERSION = 1;
				DYLIB_INSTALL_NAME_BASE = "@rpath";
				HEADER_SEARCH_PATHS = (
					"$(inherited)",
					"$(SDKROOT)/usr/include/libxml2",
					"$(SRCROOT)/Library",
				);
				INFOPLIST_FILE = Source/Info.plist;
				INSTALL_PATH = "$(LOCAL_LIBRARY_DIR)/Frameworks";
				LD_RUNPATH_SEARCH_PATHS = "$(inherited) @executable_path/Frameworks @loader_path/Frameworks";
				PRODUCT_BUNDLE_IDENTIFIER = "com.tid.$(PRODUCT_NAME:rfc1034identifier)";
				PRODUCT_NAME = Kanna;
				SKIP_INSTALL = YES;
				SWIFT_OPTIMIZATION_LEVEL = "-Onone";
			};
			name = Debug;
		};
		1EAFA0F01B6039D5001F3D84 /* Release */ = {
			isa = XCBuildConfiguration;
			buildSettings = {
				CLANG_ALLOW_NON_MODULAR_INCLUDES_IN_FRAMEWORK_MODULES = NO;
				CLANG_ENABLE_MODULES = YES;
				DEFINES_MODULE = YES;
				DYLIB_COMPATIBILITY_VERSION = 1;
				DYLIB_CURRENT_VERSION = 1;
				DYLIB_INSTALL_NAME_BASE = "@rpath";
				ENABLE_TESTABILITY = YES;
				HEADER_SEARCH_PATHS = (
					"$(inherited)",
					"$(SDKROOT)/usr/include/libxml2",
					"$(SRCROOT)/Library",
				);
				INFOPLIST_FILE = Source/Info.plist;
				INSTALL_PATH = "$(LOCAL_LIBRARY_DIR)/Frameworks";
				LD_RUNPATH_SEARCH_PATHS = "$(inherited) @executable_path/Frameworks @loader_path/Frameworks";
				PRODUCT_BUNDLE_IDENTIFIER = "com.tid.$(PRODUCT_NAME:rfc1034identifier)";
				PRODUCT_NAME = Kanna;
				SKIP_INSTALL = YES;
			};
			name = Release;
		};
		1EAFA0F21B6039D5001F3D84 /* Debug */ = {
			isa = XCBuildConfiguration;
			buildSettings = {
				CLANG_ENABLE_MODULES = YES;
				FRAMEWORK_SEARCH_PATHS = (
					"$(DEVELOPER_FRAMEWORKS_DIR)",
					"$(inherited)",
				);
				GCC_PREPROCESSOR_DEFINITIONS = (
					"DEBUG=1",
					"$(inherited)",
				);
				INFOPLIST_FILE = Tests/Info.plist;
				LD_RUNPATH_SEARCH_PATHS = "$(inherited) @executable_path/Frameworks @loader_path/Frameworks";
				PRODUCT_BUNDLE_IDENTIFIER = "com.tid.$(PRODUCT_NAME:rfc1034identifier)";
				PRODUCT_NAME = "$(TARGET_NAME)";
				SWIFT_OPTIMIZATION_LEVEL = "-Onone";
			};
			name = Debug;
		};
		1EAFA0F31B6039D5001F3D84 /* Release */ = {
			isa = XCBuildConfiguration;
			buildSettings = {
				CLANG_ENABLE_MODULES = YES;
				FRAMEWORK_SEARCH_PATHS = (
					"$(DEVELOPER_FRAMEWORKS_DIR)",
					"$(inherited)",
				);
				INFOPLIST_FILE = Tests/Info.plist;
				LD_RUNPATH_SEARCH_PATHS = "$(inherited) @executable_path/Frameworks @loader_path/Frameworks";
				PRODUCT_BUNDLE_IDENTIFIER = "com.tid.$(PRODUCT_NAME:rfc1034identifier)";
				PRODUCT_NAME = "$(TARGET_NAME)";
			};
			name = Release;
		};
		1EBA8A7E1B6632E800226B9C /* Debug */ = {
			isa = XCBuildConfiguration;
			buildSettings = {
				COMBINE_HIDPI_IMAGES = YES;
				DEBUG_INFORMATION_FORMAT = dwarf;
				DEFINES_MODULE = YES;
				DYLIB_COMPATIBILITY_VERSION = 1;
				DYLIB_CURRENT_VERSION = 1;
				DYLIB_INSTALL_NAME_BASE = "@rpath";
				FRAMEWORK_VERSION = A;
				GCC_PREPROCESSOR_DEFINITIONS = (
					"DEBUG=1",
					"$(inherited)",
				);
				INFOPLIST_FILE = Source/Info.plist;
				INSTALL_PATH = "$(LOCAL_LIBRARY_DIR)/Frameworks";
				LD_RUNPATH_SEARCH_PATHS = "$(inherited) @executable_path/../Frameworks @loader_path/Frameworks";
				MACOSX_DEPLOYMENT_TARGET = 10.9;
				PRODUCT_BUNDLE_IDENTIFIER = "com.tid.$(PRODUCT_NAME:rfc1034identifier)";
				PRODUCT_NAME = Kanna;
				SDKROOT = macosx;
				SKIP_INSTALL = YES;
			};
			name = Debug;
		};
		1EBA8A7F1B6632E800226B9C /* Release */ = {
			isa = XCBuildConfiguration;
			buildSettings = {
				COMBINE_HIDPI_IMAGES = YES;
				DEFINES_MODULE = YES;
				DYLIB_COMPATIBILITY_VERSION = 1;
				DYLIB_CURRENT_VERSION = 1;
				DYLIB_INSTALL_NAME_BASE = "@rpath";
				ENABLE_TESTABILITY = YES;
				FRAMEWORK_VERSION = A;
				INFOPLIST_FILE = Source/Info.plist;
				INSTALL_PATH = "$(LOCAL_LIBRARY_DIR)/Frameworks";
				LD_RUNPATH_SEARCH_PATHS = "$(inherited) @executable_path/../Frameworks @loader_path/Frameworks";
				MACOSX_DEPLOYMENT_TARGET = 10.9;
				PRODUCT_BUNDLE_IDENTIFIER = "com.tid.$(PRODUCT_NAME:rfc1034identifier)";
				PRODUCT_NAME = Kanna;
				SDKROOT = macosx;
				SKIP_INSTALL = YES;
			};
			name = Release;
		};
		1EC47DBC1BC9729F00647902 /* Debug */ = {
			isa = XCBuildConfiguration;
			buildSettings = {
				DEBUG_INFORMATION_FORMAT = dwarf;
				DEFINES_MODULE = YES;
				DYLIB_COMPATIBILITY_VERSION = 1;
				DYLIB_CURRENT_VERSION = 1;
				DYLIB_INSTALL_NAME_BASE = "@rpath";
				INFOPLIST_FILE = "$(SRCROOT)/Source/Info.plist";
				INSTALL_PATH = "$(LOCAL_LIBRARY_DIR)/Frameworks";
				LD_RUNPATH_SEARCH_PATHS = "$(inherited) @executable_path/Frameworks @loader_path/Frameworks";
				PRODUCT_BUNDLE_IDENTIFIER = com.tid.Kanna;
				PRODUCT_NAME = Kanna;
				SDKROOT = appletvos;
				SKIP_INSTALL = YES;
				TARGETED_DEVICE_FAMILY = 3;
				TVOS_DEPLOYMENT_TARGET = 9.0;
			};
			name = Debug;
		};
		1EC47DBD1BC9729F00647902 /* Release */ = {
			isa = XCBuildConfiguration;
			buildSettings = {
				DEFINES_MODULE = YES;
				DYLIB_COMPATIBILITY_VERSION = 1;
				DYLIB_CURRENT_VERSION = 1;
				DYLIB_INSTALL_NAME_BASE = "@rpath";
				INFOPLIST_FILE = "$(SRCROOT)/Source/Info.plist";
				INSTALL_PATH = "$(LOCAL_LIBRARY_DIR)/Frameworks";
				LD_RUNPATH_SEARCH_PATHS = "$(inherited) @executable_path/Frameworks @loader_path/Frameworks";
				PRODUCT_BUNDLE_IDENTIFIER = com.tid.Kanna;
				PRODUCT_NAME = Kanna;
				SDKROOT = appletvos;
				SKIP_INSTALL = YES;
				TARGETED_DEVICE_FAMILY = 3;
				TVOS_DEPLOYMENT_TARGET = 9.0;
			};
			name = Release;
		};
		1EC47DBE1BC9729F00647902 /* Debug */ = {
			isa = XCBuildConfiguration;
			buildSettings = {
				DEBUG_INFORMATION_FORMAT = dwarf;
				INFOPLIST_FILE = KannaTests/Info.plist;
				LD_RUNPATH_SEARCH_PATHS = "$(inherited) @executable_path/Frameworks @loader_path/Frameworks";
				PRODUCT_BUNDLE_IDENTIFIER = com.tid.KannaTests;
				PRODUCT_NAME = "$(TARGET_NAME)";
				SDKROOT = appletvos;
				TVOS_DEPLOYMENT_TARGET = 9.0;
			};
			name = Debug;
		};
		1EC47DBF1BC9729F00647902 /* Release */ = {
			isa = XCBuildConfiguration;
			buildSettings = {
				INFOPLIST_FILE = KannaTests/Info.plist;
				LD_RUNPATH_SEARCH_PATHS = "$(inherited) @executable_path/Frameworks @loader_path/Frameworks";
				PRODUCT_BUNDLE_IDENTIFIER = com.tid.KannaTests;
				PRODUCT_NAME = "$(TARGET_NAME)";
				SDKROOT = appletvos;
				TVOS_DEPLOYMENT_TARGET = 9.0;
			};
			name = Release;
		};
/* End XCBuildConfiguration section */

/* Begin XCConfigurationList section */
		1E206B8D1B665E6D00441E12 /* Build configuration list for PBXNativeTarget "Kanna_OSX Tests" */ = {
			isa = XCConfigurationList;
			buildConfigurations = (
				1E206B8E1B665E6D00441E12 /* Debug */,
				1E206B8F1B665E6D00441E12 /* Release */,
			);
			defaultConfigurationIsVisible = 0;
			defaultConfigurationName = Release;
		};
		1E4F86BC1BD90AE1008EF835 /* Build configuration list for PBXNativeTarget "Kanna_watchOS" */ = {
			isa = XCConfigurationList;
			buildConfigurations = (
				1E4F86BA1BD90AE1008EF835 /* Debug */,
				1E4F86BB1BD90AE1008EF835 /* Release */,
			);
			defaultConfigurationIsVisible = 0;
			defaultConfigurationName = Release;
		};
		1EAFA0D21B6039D5001F3D84 /* Build configuration list for PBXProject "Kanna" */ = {
			isa = XCConfigurationList;
			buildConfigurations = (
				1EAFA0EC1B6039D5001F3D84 /* Debug */,
				1EAFA0ED1B6039D5001F3D84 /* Release */,
			);
			defaultConfigurationIsVisible = 0;
			defaultConfigurationName = Release;
		};
		1EAFA0EE1B6039D5001F3D84 /* Build configuration list for PBXNativeTarget "Kanna_iOS" */ = {
			isa = XCConfigurationList;
			buildConfigurations = (
				1EAFA0EF1B6039D5001F3D84 /* Debug */,
				1EAFA0F01B6039D5001F3D84 /* Release */,
			);
			defaultConfigurationIsVisible = 0;
			defaultConfigurationName = Release;
		};
		1EAFA0F11B6039D5001F3D84 /* Build configuration list for PBXNativeTarget "KannaTests" */ = {
			isa = XCConfigurationList;
			buildConfigurations = (
				1EAFA0F21B6039D5001F3D84 /* Debug */,
				1EAFA0F31B6039D5001F3D84 /* Release */,
			);
			defaultConfigurationIsVisible = 0;
			defaultConfigurationName = Release;
		};
		1EBA8A821B6632E800226B9C /* Build configuration list for PBXNativeTarget "Kanna_OSX" */ = {
			isa = XCConfigurationList;
			buildConfigurations = (
				1EBA8A7E1B6632E800226B9C /* Debug */,
				1EBA8A7F1B6632E800226B9C /* Release */,
			);
			defaultConfigurationIsVisible = 0;
			defaultConfigurationName = Release;
		};
		1EC47DC01BC9729F00647902 /* Build configuration list for PBXNativeTarget "Kanna_tvOS" */ = {
			isa = XCConfigurationList;
			buildConfigurations = (
				1EC47DBC1BC9729F00647902 /* Debug */,
				1EC47DBD1BC9729F00647902 /* Release */,
			);
			defaultConfigurationIsVisible = 0;
			defaultConfigurationName = Release;
		};
		1EC47DC11BC9729F00647902 /* Build configuration list for PBXNativeTarget "Kanna_tvOS Tests" */ = {
			isa = XCConfigurationList;
			buildConfigurations = (
				1EC47DBE1BC9729F00647902 /* Debug */,
				1EC47DBF1BC9729F00647902 /* Release */,
			);
			defaultConfigurationIsVisible = 0;
			defaultConfigurationName = Release;
		};
/* End XCConfigurationList section */
	};
	rootObject = 1EAFA0CF1B6039D5001F3D84 /* Project object */;
}
