// !$*UTF8*$!
{
	archiveVersion = 1;
	classes = {
	};
	objectVersion = 46;
	objects = {

/* Begin PBXBuildFile section */
		1E206B8A1B665E6D00441E12 /* Kanna.framework in Frameworks */ = {isa = PBXBuildFile; fileRef = 1EBA8A6B1B6632E800226B9C /* Kanna.framework */; };
		1E206B901B665E8700441E12 /* KannaTests.swift in Sources */ = {isa = PBXBuildFile; fileRef = 1EAFA0F81B603A71001F3D84 /* KannaTests.swift */; };
		1E206B911B666AD400441E12 /* test_HTML4.html in Resources */ = {isa = PBXBuildFile; fileRef = 1E69153E1B64114900AF1851 /* test_HTML4.html */; };
		1E206B921B666AD400441E12 /* test_XML_ExcelWorkbook.xml in Resources */ = {isa = PBXBuildFile; fileRef = 1EBA8A311B6561D900226B9C /* test_XML_ExcelWorkbook.xml */; };
		1E689A871C86AB330027BEA1 /* CSS.swift in Sources */ = {isa = PBXBuildFile; fileRef = 1E689A811C86AB330027BEA1 /* CSS.swift */; };
		1E689A881C86AB330027BEA1 /* CSS.swift in Sources */ = {isa = PBXBuildFile; fileRef = 1E689A811C86AB330027BEA1 /* CSS.swift */; };
		1E689A891C86AB330027BEA1 /* CSS.swift in Sources */ = {isa = PBXBuildFile; fileRef = 1E689A811C86AB330027BEA1 /* CSS.swift */; };
		1E689A8A1C86AB330027BEA1 /* CSS.swift in Sources */ = {isa = PBXBuildFile; fileRef = 1E689A811C86AB330027BEA1 /* CSS.swift */; };
		1E689A8B1C86AB330027BEA1 /* Kanna.h in Headers */ = {isa = PBXBuildFile; fileRef = 1E689A821C86AB330027BEA1 /* Kanna.h */; settings = {ATTRIBUTES = (Public, ); }; };
		1E689A8C1C86AB330027BEA1 /* Kanna.h in Headers */ = {isa = PBXBuildFile; fileRef = 1E689A821C86AB330027BEA1 /* Kanna.h */; settings = {ATTRIBUTES = (Public, ); }; };
		1E689A8D1C86AB330027BEA1 /* Kanna.h in Headers */ = {isa = PBXBuildFile; fileRef = 1E689A821C86AB330027BEA1 /* Kanna.h */; settings = {ATTRIBUTES = (Public, ); }; };
		1E689A8E1C86AB330027BEA1 /* Kanna.h in Headers */ = {isa = PBXBuildFile; fileRef = 1E689A821C86AB330027BEA1 /* Kanna.h */; settings = {ATTRIBUTES = (Public, ); }; };
		1E689A8F1C86AB330027BEA1 /* Kanna.swift in Sources */ = {isa = PBXBuildFile; fileRef = 1E689A831C86AB330027BEA1 /* Kanna.swift */; };
		1E689A901C86AB330027BEA1 /* Kanna.swift in Sources */ = {isa = PBXBuildFile; fileRef = 1E689A831C86AB330027BEA1 /* Kanna.swift */; };
		1E689A911C86AB330027BEA1 /* Kanna.swift in Sources */ = {isa = PBXBuildFile; fileRef = 1E689A831C86AB330027BEA1 /* Kanna.swift */; };
		1E689A921C86AB330027BEA1 /* Kanna.swift in Sources */ = {isa = PBXBuildFile; fileRef = 1E689A831C86AB330027BEA1 /* Kanna.swift */; };
		1E689A931C86AB330027BEA1 /* libxmlHTMLDocument.swift in Sources */ = {isa = PBXBuildFile; fileRef = 1E689A841C86AB330027BEA1 /* libxmlHTMLDocument.swift */; };
		1E689A941C86AB330027BEA1 /* libxmlHTMLDocument.swift in Sources */ = {isa = PBXBuildFile; fileRef = 1E689A841C86AB330027BEA1 /* libxmlHTMLDocument.swift */; };
		1E689A951C86AB330027BEA1 /* libxmlHTMLDocument.swift in Sources */ = {isa = PBXBuildFile; fileRef = 1E689A841C86AB330027BEA1 /* libxmlHTMLDocument.swift */; };
		1E689A961C86AB330027BEA1 /* libxmlHTMLDocument.swift in Sources */ = {isa = PBXBuildFile; fileRef = 1E689A841C86AB330027BEA1 /* libxmlHTMLDocument.swift */; };
		1E689A971C86AB330027BEA1 /* libxmlHTMLNode.swift in Sources */ = {isa = PBXBuildFile; fileRef = 1E689A851C86AB330027BEA1 /* libxmlHTMLNode.swift */; };
		1E689A981C86AB330027BEA1 /* libxmlHTMLNode.swift in Sources */ = {isa = PBXBuildFile; fileRef = 1E689A851C86AB330027BEA1 /* libxmlHTMLNode.swift */; };
		1E689A991C86AB330027BEA1 /* libxmlHTMLNode.swift in Sources */ = {isa = PBXBuildFile; fileRef = 1E689A851C86AB330027BEA1 /* libxmlHTMLNode.swift */; };
		1E689A9A1C86AB330027BEA1 /* libxmlHTMLNode.swift in Sources */ = {isa = PBXBuildFile; fileRef = 1E689A851C86AB330027BEA1 /* libxmlHTMLNode.swift */; };
		1E689A9B1C86AB330027BEA1 /* libxmlParserOption.swift in Sources */ = {isa = PBXBuildFile; fileRef = 1E689A861C86AB330027BEA1 /* libxmlParserOption.swift */; };
		1E689A9C1C86AB330027BEA1 /* libxmlParserOption.swift in Sources */ = {isa = PBXBuildFile; fileRef = 1E689A861C86AB330027BEA1 /* libxmlParserOption.swift */; };
		1E689A9D1C86AB330027BEA1 /* libxmlParserOption.swift in Sources */ = {isa = PBXBuildFile; fileRef = 1E689A861C86AB330027BEA1 /* libxmlParserOption.swift */; };
		1E689A9E1C86AB330027BEA1 /* libxmlParserOption.swift in Sources */ = {isa = PBXBuildFile; fileRef = 1E689A861C86AB330027BEA1 /* libxmlParserOption.swift */; };
		1E69153F1B64114900AF1851 /* test_HTML4.html in Resources */ = {isa = PBXBuildFile; fileRef = 1E69153E1B64114900AF1851 /* test_HTML4.html */; };
		1EAFA0E41B6039D5001F3D84 /* Kanna.framework in Frameworks */ = {isa = PBXBuildFile; fileRef = 1EAFA0D81B6039D5001F3D84 /* Kanna.framework */; };
		1EAFA0F91B603A71001F3D84 /* KannaTests.swift in Sources */ = {isa = PBXBuildFile; fileRef = 1EAFA0F81B603A71001F3D84 /* KannaTests.swift */; };
		1EBA8A321B6561D900226B9C /* test_XML_ExcelWorkbook.xml in Resources */ = {isa = PBXBuildFile; fileRef = 1EBA8A311B6561D900226B9C /* test_XML_ExcelWorkbook.xml */; };
		1EC47DB51BC9729F00647902 /* Kanna.framework in Frameworks */ = {isa = PBXBuildFile; fileRef = 1EC47DAB1BC9729F00647902 /* Kanna.framework */; };
		1EF2516E1D20CADB005757A0 /* KannaTests.swift in Sources */ = {isa = PBXBuildFile; fileRef = 1EAFA0F81B603A71001F3D84 /* KannaTests.swift */; };
		1EF251711D20CD2C005757A0 /* versions.xml in Resources */ = {isa = PBXBuildFile; fileRef = 1EF251701D20CD2C005757A0 /* versions.xml */; };
		1EF251721D20CD8F005757A0 /* versions.xml in Resources */ = {isa = PBXBuildFile; fileRef = 1EF251701D20CD2C005757A0 /* versions.xml */; };
		1EF251731D20CD93005757A0 /* versions.xml in Resources */ = {isa = PBXBuildFile; fileRef = 1EF251701D20CD2C005757A0 /* versions.xml */; };
		1EF251741D20CD96005757A0 /* versions.xml in Resources */ = {isa = PBXBuildFile; fileRef = 1EF251701D20CD2C005757A0 /* versions.xml */; };
		1EF251761D20D043005757A0 /* libraries.xml in Resources */ = {isa = PBXBuildFile; fileRef = 1EF251751D20D043005757A0 /* libraries.xml */; };
		1EF251771D20D058005757A0 /* libraries.xml in Resources */ = {isa = PBXBuildFile; fileRef = 1EF251751D20D043005757A0 /* libraries.xml */; };
		1EF251781D20D05C005757A0 /* libraries.xml in Resources */ = {isa = PBXBuildFile; fileRef = 1EF251751D20D043005757A0 /* libraries.xml */; };
		1EF251791D20D05F005757A0 /* libraries.xml in Resources */ = {isa = PBXBuildFile; fileRef = 1EF251751D20D043005757A0 /* libraries.xml */; };
		1EF2517A1D20D064005757A0 /* test_HTML4.html in Resources */ = {isa = PBXBuildFile; fileRef = 1E69153E1B64114900AF1851 /* test_HTML4.html */; };
		1EF2517B1D20D064005757A0 /* test_XML_ExcelWorkbook.xml in Resources */ = {isa = PBXBuildFile; fileRef = 1EBA8A311B6561D900226B9C /* test_XML_ExcelWorkbook.xml */; };
		1EF2517D1D20EBED005757A0 /* sample.html in Resources */ = {isa = PBXBuildFile; fileRef = 1EF2517C1D20EBED005757A0 /* sample.html */; };
		1EF2517E1D20EBFB005757A0 /* sample.html in Resources */ = {isa = PBXBuildFile; fileRef = 1EF2517C1D20EBED005757A0 /* sample.html */; };
		1EF2517F1D20EBFE005757A0 /* sample.html in Resources */ = {isa = PBXBuildFile; fileRef = 1EF2517C1D20EBED005757A0 /* sample.html */; };
		1EF251801D20EC00005757A0 /* sample.html in Resources */ = {isa = PBXBuildFile; fileRef = 1EF2517C1D20EBED005757A0 /* sample.html */; };
		1EF251811D225F48005757A0 /* KannaTutorialsTest.swift in Sources */ = {isa = PBXBuildFile; fileRef = 1EF2516A1D20CA73005757A0 /* KannaTutorialsTest.swift */; };
		1EF251821D225F48005757A0 /* KannaTutorialsTest.swift in Sources */ = {isa = PBXBuildFile; fileRef = 1EF2516A1D20CA73005757A0 /* KannaTutorialsTest.swift */; };
		1EF251831D225F48005757A0 /* KannaTutorialsTest.swift in Sources */ = {isa = PBXBuildFile; fileRef = 1EF2516A1D20CA73005757A0 /* KannaTutorialsTest.swift */; };
		1EF2519E1D226E71005757A0 /* dict.h in Headers */ = {isa = PBXBuildFile; fileRef = 1EF251851D226E71005757A0 /* dict.h */; settings = {ATTRIBUTES = (Public, ); }; };
		1EF2519F1D226E71005757A0 /* dict.h in Headers */ = {isa = PBXBuildFile; fileRef = 1EF251851D226E71005757A0 /* dict.h */; settings = {ATTRIBUTES = (Public, ); }; };
		1EF251A01D226E71005757A0 /* dict.h in Headers */ = {isa = PBXBuildFile; fileRef = 1EF251851D226E71005757A0 /* dict.h */; settings = {ATTRIBUTES = (Public, ); }; };
		1EF251A11D226E71005757A0 /* dict.h in Headers */ = {isa = PBXBuildFile; fileRef = 1EF251851D226E71005757A0 /* dict.h */; settings = {ATTRIBUTES = (Public, ); }; };
		1EF251A21D226E71005757A0 /* encoding.h in Headers */ = {isa = PBXBuildFile; fileRef = 1EF251861D226E71005757A0 /* encoding.h */; settings = {ATTRIBUTES = (Public, ); }; };
		1EF251A31D226E71005757A0 /* encoding.h in Headers */ = {isa = PBXBuildFile; fileRef = 1EF251861D226E71005757A0 /* encoding.h */; settings = {ATTRIBUTES = (Public, ); }; };
		1EF251A41D226E71005757A0 /* encoding.h in Headers */ = {isa = PBXBuildFile; fileRef = 1EF251861D226E71005757A0 /* encoding.h */; settings = {ATTRIBUTES = (Public, ); }; };
		1EF251A51D226E71005757A0 /* encoding.h in Headers */ = {isa = PBXBuildFile; fileRef = 1EF251861D226E71005757A0 /* encoding.h */; settings = {ATTRIBUTES = (Public, ); }; };
		1EF251A61D226E71005757A0 /* entities.h in Headers */ = {isa = PBXBuildFile; fileRef = 1EF251871D226E71005757A0 /* entities.h */; settings = {ATTRIBUTES = (Public, ); }; };
		1EF251A71D226E71005757A0 /* entities.h in Headers */ = {isa = PBXBuildFile; fileRef = 1EF251871D226E71005757A0 /* entities.h */; settings = {ATTRIBUTES = (Public, ); }; };
		1EF251A81D226E71005757A0 /* entities.h in Headers */ = {isa = PBXBuildFile; fileRef = 1EF251871D226E71005757A0 /* entities.h */; settings = {ATTRIBUTES = (Public, ); }; };
		1EF251A91D226E71005757A0 /* entities.h in Headers */ = {isa = PBXBuildFile; fileRef = 1EF251871D226E71005757A0 /* entities.h */; settings = {ATTRIBUTES = (Public, ); }; };
		1EF251AA1D226E71005757A0 /* globals.h in Headers */ = {isa = PBXBuildFile; fileRef = 1EF251881D226E71005757A0 /* globals.h */; settings = {ATTRIBUTES = (Public, ); }; };
		1EF251AB1D226E71005757A0 /* globals.h in Headers */ = {isa = PBXBuildFile; fileRef = 1EF251881D226E71005757A0 /* globals.h */; settings = {ATTRIBUTES = (Public, ); }; };
		1EF251AC1D226E71005757A0 /* globals.h in Headers */ = {isa = PBXBuildFile; fileRef = 1EF251881D226E71005757A0 /* globals.h */; settings = {ATTRIBUTES = (Public, ); }; };
		1EF251AD1D226E71005757A0 /* globals.h in Headers */ = {isa = PBXBuildFile; fileRef = 1EF251881D226E71005757A0 /* globals.h */; settings = {ATTRIBUTES = (Public, ); }; };
		1EF251AE1D226E71005757A0 /* hash.h in Headers */ = {isa = PBXBuildFile; fileRef = 1EF251891D226E71005757A0 /* hash.h */; settings = {ATTRIBUTES = (Public, ); }; };
		1EF251AF1D226E71005757A0 /* hash.h in Headers */ = {isa = PBXBuildFile; fileRef = 1EF251891D226E71005757A0 /* hash.h */; settings = {ATTRIBUTES = (Public, ); }; };
		1EF251B01D226E71005757A0 /* hash.h in Headers */ = {isa = PBXBuildFile; fileRef = 1EF251891D226E71005757A0 /* hash.h */; settings = {ATTRIBUTES = (Public, ); }; };
		1EF251B11D226E71005757A0 /* hash.h in Headers */ = {isa = PBXBuildFile; fileRef = 1EF251891D226E71005757A0 /* hash.h */; settings = {ATTRIBUTES = (Public, ); }; };
		1EF251B21D226E71005757A0 /* HTMLparser.h in Headers */ = {isa = PBXBuildFile; fileRef = 1EF2518A1D226E71005757A0 /* HTMLparser.h */; settings = {ATTRIBUTES = (Public, ); }; };
		1EF251B31D226E71005757A0 /* HTMLparser.h in Headers */ = {isa = PBXBuildFile; fileRef = 1EF2518A1D226E71005757A0 /* HTMLparser.h */; settings = {ATTRIBUTES = (Public, ); }; };
		1EF251B41D226E71005757A0 /* HTMLparser.h in Headers */ = {isa = PBXBuildFile; fileRef = 1EF2518A1D226E71005757A0 /* HTMLparser.h */; settings = {ATTRIBUTES = (Public, ); }; };
		1EF251B51D226E71005757A0 /* HTMLparser.h in Headers */ = {isa = PBXBuildFile; fileRef = 1EF2518A1D226E71005757A0 /* HTMLparser.h */; settings = {ATTRIBUTES = (Public, ); }; };
		1EF251B61D226E71005757A0 /* HTMLtree.h in Headers */ = {isa = PBXBuildFile; fileRef = 1EF2518B1D226E71005757A0 /* HTMLtree.h */; settings = {ATTRIBUTES = (Public, ); }; };
		1EF251B71D226E71005757A0 /* HTMLtree.h in Headers */ = {isa = PBXBuildFile; fileRef = 1EF2518B1D226E71005757A0 /* HTMLtree.h */; settings = {ATTRIBUTES = (Public, ); }; };
		1EF251B81D226E71005757A0 /* HTMLtree.h in Headers */ = {isa = PBXBuildFile; fileRef = 1EF2518B1D226E71005757A0 /* HTMLtree.h */; settings = {ATTRIBUTES = (Public, ); }; };
		1EF251B91D226E71005757A0 /* HTMLtree.h in Headers */ = {isa = PBXBuildFile; fileRef = 1EF2518B1D226E71005757A0 /* HTMLtree.h */; settings = {ATTRIBUTES = (Public, ); }; };
		1EF251BA1D226E71005757A0 /* list.h in Headers */ = {isa = PBXBuildFile; fileRef = 1EF2518C1D226E71005757A0 /* list.h */; settings = {ATTRIBUTES = (Public, ); }; };
		1EF251BB1D226E71005757A0 /* list.h in Headers */ = {isa = PBXBuildFile; fileRef = 1EF2518C1D226E71005757A0 /* list.h */; settings = {ATTRIBUTES = (Public, ); }; };
		1EF251BC1D226E71005757A0 /* list.h in Headers */ = {isa = PBXBuildFile; fileRef = 1EF2518C1D226E71005757A0 /* list.h */; settings = {ATTRIBUTES = (Public, ); }; };
		1EF251BD1D226E71005757A0 /* list.h in Headers */ = {isa = PBXBuildFile; fileRef = 1EF2518C1D226E71005757A0 /* list.h */; settings = {ATTRIBUTES = (Public, ); }; };
		1EF251BE1D226E71005757A0 /* parser.h in Headers */ = {isa = PBXBuildFile; fileRef = 1EF2518D1D226E71005757A0 /* parser.h */; settings = {ATTRIBUTES = (Public, ); }; };
		1EF251BF1D226E71005757A0 /* parser.h in Headers */ = {isa = PBXBuildFile; fileRef = 1EF2518D1D226E71005757A0 /* parser.h */; settings = {ATTRIBUTES = (Public, ); }; };
		1EF251C01D226E71005757A0 /* parser.h in Headers */ = {isa = PBXBuildFile; fileRef = 1EF2518D1D226E71005757A0 /* parser.h */; settings = {ATTRIBUTES = (Public, ); }; };
		1EF251C11D226E71005757A0 /* parser.h in Headers */ = {isa = PBXBuildFile; fileRef = 1EF2518D1D226E71005757A0 /* parser.h */; settings = {ATTRIBUTES = (Public, ); }; };
		1EF251C21D226E71005757A0 /* SAX.h in Headers */ = {isa = PBXBuildFile; fileRef = 1EF2518E1D226E71005757A0 /* SAX.h */; settings = {ATTRIBUTES = (Public, ); }; };
		1EF251C31D226E71005757A0 /* SAX.h in Headers */ = {isa = PBXBuildFile; fileRef = 1EF2518E1D226E71005757A0 /* SAX.h */; settings = {ATTRIBUTES = (Public, ); }; };
		1EF251C41D226E71005757A0 /* SAX.h in Headers */ = {isa = PBXBuildFile; fileRef = 1EF2518E1D226E71005757A0 /* SAX.h */; settings = {ATTRIBUTES = (Public, ); }; };
		1EF251C51D226E71005757A0 /* SAX.h in Headers */ = {isa = PBXBuildFile; fileRef = 1EF2518E1D226E71005757A0 /* SAX.h */; settings = {ATTRIBUTES = (Public, ); }; };
		1EF251C61D226E71005757A0 /* SAX2.h in Headers */ = {isa = PBXBuildFile; fileRef = 1EF2518F1D226E71005757A0 /* SAX2.h */; settings = {ATTRIBUTES = (Public, ); }; };
		1EF251C71D226E71005757A0 /* SAX2.h in Headers */ = {isa = PBXBuildFile; fileRef = 1EF2518F1D226E71005757A0 /* SAX2.h */; settings = {ATTRIBUTES = (Public, ); }; };
		1EF251C81D226E71005757A0 /* SAX2.h in Headers */ = {isa = PBXBuildFile; fileRef = 1EF2518F1D226E71005757A0 /* SAX2.h */; settings = {ATTRIBUTES = (Public, ); }; };
		1EF251C91D226E71005757A0 /* SAX2.h in Headers */ = {isa = PBXBuildFile; fileRef = 1EF2518F1D226E71005757A0 /* SAX2.h */; settings = {ATTRIBUTES = (Public, ); }; };
		1EF251CA1D226E71005757A0 /* threads.h in Headers */ = {isa = PBXBuildFile; fileRef = 1EF251901D226E71005757A0 /* threads.h */; settings = {ATTRIBUTES = (Public, ); }; };
		1EF251CB1D226E71005757A0 /* threads.h in Headers */ = {isa = PBXBuildFile; fileRef = 1EF251901D226E71005757A0 /* threads.h */; settings = {ATTRIBUTES = (Public, ); }; };
		1EF251CC1D226E71005757A0 /* threads.h in Headers */ = {isa = PBXBuildFile; fileRef = 1EF251901D226E71005757A0 /* threads.h */; settings = {ATTRIBUTES = (Public, ); }; };
		1EF251CD1D226E71005757A0 /* threads.h in Headers */ = {isa = PBXBuildFile; fileRef = 1EF251901D226E71005757A0 /* threads.h */; settings = {ATTRIBUTES = (Public, ); }; };
		1EF251CE1D226E71005757A0 /* tree.h in Headers */ = {isa = PBXBuildFile; fileRef = 1EF251911D226E71005757A0 /* tree.h */; settings = {ATTRIBUTES = (Public, ); }; };
		1EF251CF1D226E71005757A0 /* tree.h in Headers */ = {isa = PBXBuildFile; fileRef = 1EF251911D226E71005757A0 /* tree.h */; settings = {ATTRIBUTES = (Public, ); }; };
		1EF251D01D226E71005757A0 /* tree.h in Headers */ = {isa = PBXBuildFile; fileRef = 1EF251911D226E71005757A0 /* tree.h */; settings = {ATTRIBUTES = (Public, ); }; };
		1EF251D11D226E71005757A0 /* tree.h in Headers */ = {isa = PBXBuildFile; fileRef = 1EF251911D226E71005757A0 /* tree.h */; settings = {ATTRIBUTES = (Public, ); }; };
		1EF251D21D226E71005757A0 /* valid.h in Headers */ = {isa = PBXBuildFile; fileRef = 1EF251921D226E71005757A0 /* valid.h */; settings = {ATTRIBUTES = (Public, ); }; };
		1EF251D31D226E71005757A0 /* valid.h in Headers */ = {isa = PBXBuildFile; fileRef = 1EF251921D226E71005757A0 /* valid.h */; settings = {ATTRIBUTES = (Public, ); }; };
		1EF251D41D226E71005757A0 /* valid.h in Headers */ = {isa = PBXBuildFile; fileRef = 1EF251921D226E71005757A0 /* valid.h */; settings = {ATTRIBUTES = (Public, ); }; };
		1EF251D51D226E71005757A0 /* valid.h in Headers */ = {isa = PBXBuildFile; fileRef = 1EF251921D226E71005757A0 /* valid.h */; settings = {ATTRIBUTES = (Public, ); }; };
		1EF251D61D226E71005757A0 /* xlink.h in Headers */ = {isa = PBXBuildFile; fileRef = 1EF251931D226E71005757A0 /* xlink.h */; settings = {ATTRIBUTES = (Public, ); }; };
		1EF251D71D226E71005757A0 /* xlink.h in Headers */ = {isa = PBXBuildFile; fileRef = 1EF251931D226E71005757A0 /* xlink.h */; settings = {ATTRIBUTES = (Public, ); }; };
		1EF251D81D226E71005757A0 /* xlink.h in Headers */ = {isa = PBXBuildFile; fileRef = 1EF251931D226E71005757A0 /* xlink.h */; settings = {ATTRIBUTES = (Public, ); }; };
		1EF251D91D226E71005757A0 /* xlink.h in Headers */ = {isa = PBXBuildFile; fileRef = 1EF251931D226E71005757A0 /* xlink.h */; settings = {ATTRIBUTES = (Public, ); }; };
		1EF251DA1D226E71005757A0 /* xmlautomata.h in Headers */ = {isa = PBXBuildFile; fileRef = 1EF251941D226E71005757A0 /* xmlautomata.h */; settings = {ATTRIBUTES = (Public, ); }; };
		1EF251DB1D226E71005757A0 /* xmlautomata.h in Headers */ = {isa = PBXBuildFile; fileRef = 1EF251941D226E71005757A0 /* xmlautomata.h */; settings = {ATTRIBUTES = (Public, ); }; };
		1EF251DC1D226E71005757A0 /* xmlautomata.h in Headers */ = {isa = PBXBuildFile; fileRef = 1EF251941D226E71005757A0 /* xmlautomata.h */; settings = {ATTRIBUTES = (Public, ); }; };
		1EF251DD1D226E71005757A0 /* xmlautomata.h in Headers */ = {isa = PBXBuildFile; fileRef = 1EF251941D226E71005757A0 /* xmlautomata.h */; settings = {ATTRIBUTES = (Public, ); }; };
		1EF251DE1D226E71005757A0 /* xmlerror.h in Headers */ = {isa = PBXBuildFile; fileRef = 1EF251951D226E71005757A0 /* xmlerror.h */; settings = {ATTRIBUTES = (Public, ); }; };
		1EF251DF1D226E71005757A0 /* xmlerror.h in Headers */ = {isa = PBXBuildFile; fileRef = 1EF251951D226E71005757A0 /* xmlerror.h */; settings = {ATTRIBUTES = (Public, ); }; };
		1EF251E01D226E71005757A0 /* xmlerror.h in Headers */ = {isa = PBXBuildFile; fileRef = 1EF251951D226E71005757A0 /* xmlerror.h */; settings = {ATTRIBUTES = (Public, ); }; };
		1EF251E11D226E71005757A0 /* xmlerror.h in Headers */ = {isa = PBXBuildFile; fileRef = 1EF251951D226E71005757A0 /* xmlerror.h */; settings = {ATTRIBUTES = (Public, ); }; };
		1EF251E21D226E71005757A0 /* xmlexports.h in Headers */ = {isa = PBXBuildFile; fileRef = 1EF251961D226E71005757A0 /* xmlexports.h */; settings = {ATTRIBUTES = (Public, ); }; };
		1EF251E31D226E71005757A0 /* xmlexports.h in Headers */ = {isa = PBXBuildFile; fileRef = 1EF251961D226E71005757A0 /* xmlexports.h */; settings = {ATTRIBUTES = (Public, ); }; };
		1EF251E41D226E71005757A0 /* xmlexports.h in Headers */ = {isa = PBXBuildFile; fileRef = 1EF251961D226E71005757A0 /* xmlexports.h */; settings = {ATTRIBUTES = (Public, ); }; };
		1EF251E51D226E71005757A0 /* xmlexports.h in Headers */ = {isa = PBXBuildFile; fileRef = 1EF251961D226E71005757A0 /* xmlexports.h */; settings = {ATTRIBUTES = (Public, ); }; };
		1EF251E61D226E71005757A0 /* xmlIO.h in Headers */ = {isa = PBXBuildFile; fileRef = 1EF251971D226E71005757A0 /* xmlIO.h */; settings = {ATTRIBUTES = (Public, ); }; };
		1EF251E71D226E71005757A0 /* xmlIO.h in Headers */ = {isa = PBXBuildFile; fileRef = 1EF251971D226E71005757A0 /* xmlIO.h */; settings = {ATTRIBUTES = (Public, ); }; };
		1EF251E81D226E71005757A0 /* xmlIO.h in Headers */ = {isa = PBXBuildFile; fileRef = 1EF251971D226E71005757A0 /* xmlIO.h */; settings = {ATTRIBUTES = (Public, ); }; };
		1EF251E91D226E71005757A0 /* xmlIO.h in Headers */ = {isa = PBXBuildFile; fileRef = 1EF251971D226E71005757A0 /* xmlIO.h */; settings = {ATTRIBUTES = (Public, ); }; };
		1EF251EA1D226E71005757A0 /* xmlmemory.h in Headers */ = {isa = PBXBuildFile; fileRef = 1EF251981D226E71005757A0 /* xmlmemory.h */; settings = {ATTRIBUTES = (Public, ); }; };
		1EF251EB1D226E71005757A0 /* xmlmemory.h in Headers */ = {isa = PBXBuildFile; fileRef = 1EF251981D226E71005757A0 /* xmlmemory.h */; settings = {ATTRIBUTES = (Public, ); }; };
		1EF251EC1D226E71005757A0 /* xmlmemory.h in Headers */ = {isa = PBXBuildFile; fileRef = 1EF251981D226E71005757A0 /* xmlmemory.h */; settings = {ATTRIBUTES = (Public, ); }; };
		1EF251ED1D226E71005757A0 /* xmlmemory.h in Headers */ = {isa = PBXBuildFile; fileRef = 1EF251981D226E71005757A0 /* xmlmemory.h */; settings = {ATTRIBUTES = (Public, ); }; };
		1EF251EE1D226E71005757A0 /* xmlregexp.h in Headers */ = {isa = PBXBuildFile; fileRef = 1EF251991D226E71005757A0 /* xmlregexp.h */; settings = {ATTRIBUTES = (Public, ); }; };
		1EF251EF1D226E71005757A0 /* xmlregexp.h in Headers */ = {isa = PBXBuildFile; fileRef = 1EF251991D226E71005757A0 /* xmlregexp.h */; settings = {ATTRIBUTES = (Public, ); }; };
		1EF251F01D226E71005757A0 /* xmlregexp.h in Headers */ = {isa = PBXBuildFile; fileRef = 1EF251991D226E71005757A0 /* xmlregexp.h */; settings = {ATTRIBUTES = (Public, ); }; };
		1EF251F11D226E71005757A0 /* xmlregexp.h in Headers */ = {isa = PBXBuildFile; fileRef = 1EF251991D226E71005757A0 /* xmlregexp.h */; settings = {ATTRIBUTES = (Public, ); }; };
		1EF251F21D226E71005757A0 /* xmlstring.h in Headers */ = {isa = PBXBuildFile; fileRef = 1EF2519A1D226E71005757A0 /* xmlstring.h */; settings = {ATTRIBUTES = (Public, ); }; };
		1EF251F31D226E71005757A0 /* xmlstring.h in Headers */ = {isa = PBXBuildFile; fileRef = 1EF2519A1D226E71005757A0 /* xmlstring.h */; settings = {ATTRIBUTES = (Public, ); }; };
		1EF251F41D226E71005757A0 /* xmlstring.h in Headers */ = {isa = PBXBuildFile; fileRef = 1EF2519A1D226E71005757A0 /* xmlstring.h */; settings = {ATTRIBUTES = (Public, ); }; };
		1EF251F51D226E71005757A0 /* xmlstring.h in Headers */ = {isa = PBXBuildFile; fileRef = 1EF2519A1D226E71005757A0 /* xmlstring.h */; settings = {ATTRIBUTES = (Public, ); }; };
		1EF251F61D226E71005757A0 /* xmlversion.h in Headers */ = {isa = PBXBuildFile; fileRef = 1EF2519B1D226E71005757A0 /* xmlversion.h */; settings = {ATTRIBUTES = (Public, ); }; };
		1EF251F71D226E71005757A0 /* xmlversion.h in Headers */ = {isa = PBXBuildFile; fileRef = 1EF2519B1D226E71005757A0 /* xmlversion.h */; settings = {ATTRIBUTES = (Public, ); }; };
		1EF251F81D226E71005757A0 /* xmlversion.h in Headers */ = {isa = PBXBuildFile; fileRef = 1EF2519B1D226E71005757A0 /* xmlversion.h */; settings = {ATTRIBUTES = (Public, ); }; };
		1EF251F91D226E71005757A0 /* xmlversion.h in Headers */ = {isa = PBXBuildFile; fileRef = 1EF2519B1D226E71005757A0 /* xmlversion.h */; settings = {ATTRIBUTES = (Public, ); }; };
		1EF251FA1D226E71005757A0 /* xpath.h in Headers */ = {isa = PBXBuildFile; fileRef = 1EF2519C1D226E71005757A0 /* xpath.h */; settings = {ATTRIBUTES = (Public, ); }; };
		1EF251FB1D226E71005757A0 /* xpath.h in Headers */ = {isa = PBXBuildFile; fileRef = 1EF2519C1D226E71005757A0 /* xpath.h */; settings = {ATTRIBUTES = (Public, ); }; };
		1EF251FC1D226E71005757A0 /* xpath.h in Headers */ = {isa = PBXBuildFile; fileRef = 1EF2519C1D226E71005757A0 /* xpath.h */; settings = {ATTRIBUTES = (Public, ); }; };
		1EF251FD1D226E71005757A0 /* xpath.h in Headers */ = {isa = PBXBuildFile; fileRef = 1EF2519C1D226E71005757A0 /* xpath.h */; settings = {ATTRIBUTES = (Public, ); }; };
		1EF251FE1D226E71005757A0 /* xpathInternals.h in Headers */ = {isa = PBXBuildFile; fileRef = 1EF2519D1D226E71005757A0 /* xpathInternals.h */; settings = {ATTRIBUTES = (Public, ); }; };
		1EF251FF1D226E71005757A0 /* xpathInternals.h in Headers */ = {isa = PBXBuildFile; fileRef = 1EF2519D1D226E71005757A0 /* xpathInternals.h */; settings = {ATTRIBUTES = (Public, ); }; };
		1EF252001D226E71005757A0 /* xpathInternals.h in Headers */ = {isa = PBXBuildFile; fileRef = 1EF2519D1D226E71005757A0 /* xpathInternals.h */; settings = {ATTRIBUTES = (Public, ); }; };
		1EF252011D226E71005757A0 /* xpathInternals.h in Headers */ = {isa = PBXBuildFile; fileRef = 1EF2519D1D226E71005757A0 /* xpathInternals.h */; settings = {ATTRIBUTES = (Public, ); }; };
/* End PBXBuildFile section */

/* Begin PBXContainerItemProxy section */
		1E206B8B1B665E6D00441E12 /* PBXContainerItemProxy */ = {
			isa = PBXContainerItemProxy;
			containerPortal = 1EAFA0CF1B6039D5001F3D84 /* Project object */;
			proxyType = 1;
			remoteGlobalIDString = 1EBA8A6A1B6632E800226B9C;
			remoteInfo = Kanna_OSX;
		};
		1EAFA0E51B6039D5001F3D84 /* PBXContainerItemProxy */ = {
			isa = PBXContainerItemProxy;
			containerPortal = 1EAFA0CF1B6039D5001F3D84 /* Project object */;
			proxyType = 1;
			remoteGlobalIDString = 1EAFA0D71B6039D5001F3D84;
			remoteInfo = Kanna;
		};
		1EC47DB61BC9729F00647902 /* PBXContainerItemProxy */ = {
			isa = PBXContainerItemProxy;
			containerPortal = 1EAFA0CF1B6039D5001F3D84 /* Project object */;
			proxyType = 1;
			remoteGlobalIDString = 1EC47DAA1BC9729F00647902;
			remoteInfo = Kanna;
		};
/* End PBXContainerItemProxy section */

/* Begin PBXFileReference section */
		1E206B841B665E6D00441E12 /* Kanna_OSX Tests.xctest */ = {isa = PBXFileReference; explicitFileType = wrapper.cfbundle; includeInIndex = 0; path = "Kanna_OSX Tests.xctest"; sourceTree = BUILT_PRODUCTS_DIR; };
		1E4F86B51BD90AE1008EF835 /* Kanna.framework */ = {isa = PBXFileReference; explicitFileType = wrapper.framework; includeInIndex = 0; path = Kanna.framework; sourceTree = BUILT_PRODUCTS_DIR; };
		1E4F86B71BD90AE1008EF835 /* Kanna.h */ = {isa = PBXFileReference; lastKnownFileType = sourcecode.c.h; path = Kanna.h; sourceTree = "<group>"; };
		1E4F86B91BD90AE1008EF835 /* Info.plist */ = {isa = PBXFileReference; lastKnownFileType = text.plist.xml; path = Info.plist; sourceTree = "<group>"; };
		1E689A7C1C86AAF20027BEA1 /* Info.plist */ = {isa = PBXFileReference; fileEncoding = 4; lastKnownFileType = text.plist.xml; name = Info.plist; path = Sources/Info.plist; sourceTree = SOURCE_ROOT; };
		1E689A811C86AB330027BEA1 /* CSS.swift */ = {isa = PBXFileReference; fileEncoding = 4; lastKnownFileType = sourcecode.swift; name = CSS.swift; path = Sources/CSS.swift; sourceTree = SOURCE_ROOT; };
		1E689A821C86AB330027BEA1 /* Kanna.h */ = {isa = PBXFileReference; fileEncoding = 4; lastKnownFileType = sourcecode.c.h; name = Kanna.h; path = Sources/Kanna.h; sourceTree = SOURCE_ROOT; };
		1E689A831C86AB330027BEA1 /* Kanna.swift */ = {isa = PBXFileReference; fileEncoding = 4; lastKnownFileType = sourcecode.swift; name = Kanna.swift; path = Sources/Kanna.swift; sourceTree = SOURCE_ROOT; };
		1E689A841C86AB330027BEA1 /* libxmlHTMLDocument.swift */ = {isa = PBXFileReference; fileEncoding = 4; lastKnownFileType = sourcecode.swift; name = libxmlHTMLDocument.swift; path = Sources/libxmlHTMLDocument.swift; sourceTree = SOURCE_ROOT; };
		1E689A851C86AB330027BEA1 /* libxmlHTMLNode.swift */ = {isa = PBXFileReference; fileEncoding = 4; lastKnownFileType = sourcecode.swift; name = libxmlHTMLNode.swift; path = Sources/libxmlHTMLNode.swift; sourceTree = SOURCE_ROOT; };
		1E689A861C86AB330027BEA1 /* libxmlParserOption.swift */ = {isa = PBXFileReference; fileEncoding = 4; lastKnownFileType = sourcecode.swift; name = libxmlParserOption.swift; path = Sources/libxmlParserOption.swift; sourceTree = SOURCE_ROOT; };
		1E69153E1B64114900AF1851 /* test_HTML4.html */ = {isa = PBXFileReference; fileEncoding = 4; lastKnownFileType = text.html; name = test_HTML4.html; path = Tests/test_HTML4.html; sourceTree = SOURCE_ROOT; };
		1EAFA0D81B6039D5001F3D84 /* Kanna.framework */ = {isa = PBXFileReference; explicitFileType = wrapper.framework; includeInIndex = 0; path = Kanna.framework; sourceTree = BUILT_PRODUCTS_DIR; };
		1EAFA0E31B6039D5001F3D84 /* KannaTests.xctest */ = {isa = PBXFileReference; explicitFileType = wrapper.cfbundle; includeInIndex = 0; path = KannaTests.xctest; sourceTree = BUILT_PRODUCTS_DIR; };
		1EAFA0F81B603A71001F3D84 /* KannaTests.swift */ = {isa = PBXFileReference; fileEncoding = 4; lastKnownFileType = sourcecode.swift; name = KannaTests.swift; path = Tests/KannaTests.swift; sourceTree = SOURCE_ROOT; };
		1EAFA0FA1B603A79001F3D84 /* Info.plist */ = {isa = PBXFileReference; fileEncoding = 4; lastKnownFileType = text.plist.xml; name = Info.plist; path = Tests/Info.plist; sourceTree = SOURCE_ROOT; };
		1EBA8A311B6561D900226B9C /* test_XML_ExcelWorkbook.xml */ = {isa = PBXFileReference; fileEncoding = 4; lastKnownFileType = text.xml; name = test_XML_ExcelWorkbook.xml; path = Tests/test_XML_ExcelWorkbook.xml; sourceTree = SOURCE_ROOT; };
		1EBA8A6B1B6632E800226B9C /* Kanna.framework */ = {isa = PBXFileReference; explicitFileType = wrapper.framework; includeInIndex = 0; path = Kanna.framework; sourceTree = BUILT_PRODUCTS_DIR; };
		1EC47DAB1BC9729F00647902 /* Kanna.framework */ = {isa = PBXFileReference; explicitFileType = wrapper.framework; includeInIndex = 0; path = Kanna.framework; sourceTree = BUILT_PRODUCTS_DIR; };
		1EC47DB41BC9729F00647902 /* Kanna_tvOS Tests.xctest */ = {isa = PBXFileReference; explicitFileType = wrapper.cfbundle; includeInIndex = 0; path = "Kanna_tvOS Tests.xctest"; sourceTree = BUILT_PRODUCTS_DIR; };
		1EF2516A1D20CA73005757A0 /* KannaTutorialsTest.swift */ = {isa = PBXFileReference; fileEncoding = 4; lastKnownFileType = sourcecode.swift; name = KannaTutorialsTest.swift; path = Tests/KannaTutorialsTest.swift; sourceTree = SOURCE_ROOT; };
		1EF251701D20CD2C005757A0 /* versions.xml */ = {isa = PBXFileReference; fileEncoding = 4; lastKnownFileType = text.xml; name = versions.xml; path = Tests/versions.xml; sourceTree = SOURCE_ROOT; };
		1EF251751D20D043005757A0 /* libraries.xml */ = {isa = PBXFileReference; fileEncoding = 4; lastKnownFileType = text.xml; name = libraries.xml; path = Tests/libraries.xml; sourceTree = SOURCE_ROOT; };
		1EF2517C1D20EBED005757A0 /* sample.html */ = {isa = PBXFileReference; fileEncoding = 4; lastKnownFileType = text.html; name = sample.html; path = Tests/sample.html; sourceTree = SOURCE_ROOT; };
		1EF251851D226E71005757A0 /* dict.h */ = {isa = PBXFileReference; fileEncoding = 4; lastKnownFileType = sourcecode.c.h; path = dict.h; sourceTree = "<group>"; };
		1EF251861D226E71005757A0 /* encoding.h */ = {isa = PBXFileReference; fileEncoding = 4; lastKnownFileType = sourcecode.c.h; path = encoding.h; sourceTree = "<group>"; };
		1EF251871D226E71005757A0 /* entities.h */ = {isa = PBXFileReference; fileEncoding = 4; lastKnownFileType = sourcecode.c.h; path = entities.h; sourceTree = "<group>"; };
		1EF251881D226E71005757A0 /* globals.h */ = {isa = PBXFileReference; fileEncoding = 4; lastKnownFileType = sourcecode.c.h; path = globals.h; sourceTree = "<group>"; };
		1EF251891D226E71005757A0 /* hash.h */ = {isa = PBXFileReference; fileEncoding = 4; lastKnownFileType = sourcecode.c.h; path = hash.h; sourceTree = "<group>"; };
		1EF2518A1D226E71005757A0 /* HTMLparser.h */ = {isa = PBXFileReference; fileEncoding = 4; lastKnownFileType = sourcecode.c.h; path = HTMLparser.h; sourceTree = "<group>"; };
		1EF2518B1D226E71005757A0 /* HTMLtree.h */ = {isa = PBXFileReference; fileEncoding = 4; lastKnownFileType = sourcecode.c.h; path = HTMLtree.h; sourceTree = "<group>"; };
		1EF2518C1D226E71005757A0 /* list.h */ = {isa = PBXFileReference; fileEncoding = 4; lastKnownFileType = sourcecode.c.h; path = list.h; sourceTree = "<group>"; };
		1EF2518D1D226E71005757A0 /* parser.h */ = {isa = PBXFileReference; fileEncoding = 4; lastKnownFileType = sourcecode.c.h; path = parser.h; sourceTree = "<group>"; };
		1EF2518E1D226E71005757A0 /* SAX.h */ = {isa = PBXFileReference; fileEncoding = 4; lastKnownFileType = sourcecode.c.h; path = SAX.h; sourceTree = "<group>"; };
		1EF2518F1D226E71005757A0 /* SAX2.h */ = {isa = PBXFileReference; fileEncoding = 4; lastKnownFileType = sourcecode.c.h; path = SAX2.h; sourceTree = "<group>"; };
		1EF251901D226E71005757A0 /* threads.h */ = {isa = PBXFileReference; fileEncoding = 4; lastKnownFileType = sourcecode.c.h; path = threads.h; sourceTree = "<group>"; };
		1EF251911D226E71005757A0 /* tree.h */ = {isa = PBXFileReference; fileEncoding = 4; lastKnownFileType = sourcecode.c.h; path = tree.h; sourceTree = "<group>"; };
		1EF251921D226E71005757A0 /* valid.h */ = {isa = PBXFileReference; fileEncoding = 4; lastKnownFileType = sourcecode.c.h; path = valid.h; sourceTree = "<group>"; };
		1EF251931D226E71005757A0 /* xlink.h */ = {isa = PBXFileReference; fileEncoding = 4; lastKnownFileType = sourcecode.c.h; path = xlink.h; sourceTree = "<group>"; };
		1EF251941D226E71005757A0 /* xmlautomata.h */ = {isa = PBXFileReference; fileEncoding = 4; lastKnownFileType = sourcecode.c.h; path = xmlautomata.h; sourceTree = "<group>"; };
		1EF251951D226E71005757A0 /* xmlerror.h */ = {isa = PBXFileReference; fileEncoding = 4; lastKnownFileType = sourcecode.c.h; path = xmlerror.h; sourceTree = "<group>"; };
		1EF251961D226E71005757A0 /* xmlexports.h */ = {isa = PBXFileReference; fileEncoding = 4; lastKnownFileType = sourcecode.c.h; path = xmlexports.h; sourceTree = "<group>"; };
		1EF251971D226E71005757A0 /* xmlIO.h */ = {isa = PBXFileReference; fileEncoding = 4; lastKnownFileType = sourcecode.c.h; path = xmlIO.h; sourceTree = "<group>"; };
		1EF251981D226E71005757A0 /* xmlmemory.h */ = {isa = PBXFileReference; fileEncoding = 4; lastKnownFileType = sourcecode.c.h; path = xmlmemory.h; sourceTree = "<group>"; };
		1EF251991D226E71005757A0 /* xmlregexp.h */ = {isa = PBXFileReference; fileEncoding = 4; lastKnownFileType = sourcecode.c.h; path = xmlregexp.h; sourceTree = "<group>"; };
		1EF2519A1D226E71005757A0 /* xmlstring.h */ = {isa = PBXFileReference; fileEncoding = 4; lastKnownFileType = sourcecode.c.h; path = xmlstring.h; sourceTree = "<group>"; };
		1EF2519B1D226E71005757A0 /* xmlversion.h */ = {isa = PBXFileReference; fileEncoding = 4; lastKnownFileType = sourcecode.c.h; path = xmlversion.h; sourceTree = "<group>"; };
		1EF2519C1D226E71005757A0 /* xpath.h */ = {isa = PBXFileReference; fileEncoding = 4; lastKnownFileType = sourcecode.c.h; path = xpath.h; sourceTree = "<group>"; };
		1EF2519D1D226E71005757A0 /* xpathInternals.h */ = {isa = PBXFileReference; fileEncoding = 4; lastKnownFileType = sourcecode.c.h; path = xpathInternals.h; sourceTree = "<group>"; };
/* End PBXFileReference section */

/* Begin PBXFrameworksBuildPhase section */
		1E206B811B665E6D00441E12 /* Frameworks */ = {
			isa = PBXFrameworksBuildPhase;
			buildActionMask = 2147483647;
			files = (
				1E206B8A1B665E6D00441E12 /* Kanna.framework in Frameworks */,
			);
			runOnlyForDeploymentPostprocessing = 0;
		};
		1E4F86B11BD90AE1008EF835 /* Frameworks */ = {
			isa = PBXFrameworksBuildPhase;
			buildActionMask = 2147483647;
			files = (
			);
			runOnlyForDeploymentPostprocessing = 0;
		};
		1EAFA0D41B6039D5001F3D84 /* Frameworks */ = {
			isa = PBXFrameworksBuildPhase;
			buildActionMask = 2147483647;
			files = (
			);
			runOnlyForDeploymentPostprocessing = 0;
		};
		1EAFA0E01B6039D5001F3D84 /* Frameworks */ = {
			isa = PBXFrameworksBuildPhase;
			buildActionMask = 2147483647;
			files = (
				1EAFA0E41B6039D5001F3D84 /* Kanna.framework in Frameworks */,
			);
			runOnlyForDeploymentPostprocessing = 0;
		};
		1EBA8A671B6632E800226B9C /* Frameworks */ = {
			isa = PBXFrameworksBuildPhase;
			buildActionMask = 2147483647;
			files = (
			);
			runOnlyForDeploymentPostprocessing = 0;
		};
		1EC47DA71BC9729F00647902 /* Frameworks */ = {
			isa = PBXFrameworksBuildPhase;
			buildActionMask = 2147483647;
			files = (
			);
			runOnlyForDeploymentPostprocessing = 0;
		};
		1EC47DB11BC9729F00647902 /* Frameworks */ = {
			isa = PBXFrameworksBuildPhase;
			buildActionMask = 2147483647;
			files = (
				1EC47DB51BC9729F00647902 /* Kanna.framework in Frameworks */,
			);
			runOnlyForDeploymentPostprocessing = 0;
		};
/* End PBXFrameworksBuildPhase section */

/* Begin PBXGroup section */
		1E4F86B61BD90AE1008EF835 /* Kanna */ = {
			isa = PBXGroup;
			children = (
				1E4F86B71BD90AE1008EF835 /* Kanna.h */,
				1E4F86B91BD90AE1008EF835 /* Info.plist */,
			);
			path = Kanna;
			sourceTree = "<group>";
		};
		1EAFA0CE1B6039D5001F3D84 = {
			isa = PBXGroup;
			children = (
				1EAFA0DA1B6039D5001F3D84 /* Source */,
				1EAFA0E71B6039D5001F3D84 /* Tests */,
				1E4F86B61BD90AE1008EF835 /* Kanna */,
				1EAFA0D91B6039D5001F3D84 /* Products */,
			);
			sourceTree = "<group>";
		};
		1EAFA0D91B6039D5001F3D84 /* Products */ = {
			isa = PBXGroup;
			children = (
				1EAFA0D81B6039D5001F3D84 /* Kanna.framework */,
				1EAFA0E31B6039D5001F3D84 /* KannaTests.xctest */,
				1EBA8A6B1B6632E800226B9C /* Kanna.framework */,
				1E206B841B665E6D00441E12 /* Kanna_OSX Tests.xctest */,
				1EC47DAB1BC9729F00647902 /* Kanna.framework */,
				1EC47DB41BC9729F00647902 /* Kanna_tvOS Tests.xctest */,
				1E4F86B51BD90AE1008EF835 /* Kanna.framework */,
			);
			name = Products;
			sourceTree = "<group>";
		};
		1EAFA0DA1B6039D5001F3D84 /* Source */ = {
			isa = PBXGroup;
			children = (
				1EF251841D226E71005757A0 /* libxml */,
				1E689A811C86AB330027BEA1 /* CSS.swift */,
				1E689A821C86AB330027BEA1 /* Kanna.h */,
				1E689A831C86AB330027BEA1 /* Kanna.swift */,
				1E689A841C86AB330027BEA1 /* libxmlHTMLDocument.swift */,
				1E689A851C86AB330027BEA1 /* libxmlHTMLNode.swift */,
				1E689A861C86AB330027BEA1 /* libxmlParserOption.swift */,
				1EAFA0DB1B6039D5001F3D84 /* Supporting Files */,
			);
			name = Source;
			path = Kanna;
			sourceTree = "<group>";
		};
		1EAFA0DB1B6039D5001F3D84 /* Supporting Files */ = {
			isa = PBXGroup;
			children = (
				1E689A7C1C86AAF20027BEA1 /* Info.plist */,
			);
			name = "Supporting Files";
			sourceTree = "<group>";
		};
		1EAFA0E71B6039D5001F3D84 /* Tests */ = {
			isa = PBXGroup;
			children = (
				1EAFA0F81B603A71001F3D84 /* KannaTests.swift */,
				1EF2516A1D20CA73005757A0 /* KannaTutorialsTest.swift */,
				1E69153E1B64114900AF1851 /* test_HTML4.html */,
				1EBA8A311B6561D900226B9C /* test_XML_ExcelWorkbook.xml */,
				1EF251701D20CD2C005757A0 /* versions.xml */,
				1EF251751D20D043005757A0 /* libraries.xml */,
				1EF2517C1D20EBED005757A0 /* sample.html */,
				1EAFA0E81B6039D5001F3D84 /* Supporting Files */,
			);
			name = Tests;
			path = KannaTests;
			sourceTree = "<group>";
		};
		1EAFA0E81B6039D5001F3D84 /* Supporting Files */ = {
			isa = PBXGroup;
			children = (
				1EAFA0FA1B603A79001F3D84 /* Info.plist */,
			);
			name = "Supporting Files";
			sourceTree = "<group>";
		};
		1EF251841D226E71005757A0 /* libxml */ = {
			isa = PBXGroup;
			children = (
				1EF251851D226E71005757A0 /* dict.h */,
				1EF251861D226E71005757A0 /* encoding.h */,
				1EF251871D226E71005757A0 /* entities.h */,
				1EF251881D226E71005757A0 /* globals.h */,
				1EF251891D226E71005757A0 /* hash.h */,
				1EF2518A1D226E71005757A0 /* HTMLparser.h */,
				1EF2518B1D226E71005757A0 /* HTMLtree.h */,
				1EF2518C1D226E71005757A0 /* list.h */,
				1EF2518D1D226E71005757A0 /* parser.h */,
				1EF2518E1D226E71005757A0 /* SAX.h */,
				1EF2518F1D226E71005757A0 /* SAX2.h */,
				1EF251901D226E71005757A0 /* threads.h */,
				1EF251911D226E71005757A0 /* tree.h */,
				1EF251921D226E71005757A0 /* valid.h */,
				1EF251931D226E71005757A0 /* xlink.h */,
				1EF251941D226E71005757A0 /* xmlautomata.h */,
				1EF251951D226E71005757A0 /* xmlerror.h */,
				1EF251961D226E71005757A0 /* xmlexports.h */,
				1EF251971D226E71005757A0 /* xmlIO.h */,
				1EF251981D226E71005757A0 /* xmlmemory.h */,
				1EF251991D226E71005757A0 /* xmlregexp.h */,
				1EF2519A1D226E71005757A0 /* xmlstring.h */,
				1EF2519B1D226E71005757A0 /* xmlversion.h */,
				1EF2519C1D226E71005757A0 /* xpath.h */,
				1EF2519D1D226E71005757A0 /* xpathInternals.h */,
			);
			name = libxml;
			path = Sources/libxml;
			sourceTree = SOURCE_ROOT;
		};
/* End PBXGroup section */

/* Begin PBXHeadersBuildPhase section */
		1E4F86B21BD90AE1008EF835 /* Headers */ = {
			isa = PBXHeadersBuildPhase;
			buildActionMask = 2147483647;
			files = (
				1EF251D51D226E71005757A0 /* valid.h in Headers */,
				1EF251C51D226E71005757A0 /* SAX.h in Headers */,
				1EF251A11D226E71005757A0 /* dict.h in Headers */,
				1EF252011D226E71005757A0 /* xpathInternals.h in Headers */,
				1EF251D91D226E71005757A0 /* xlink.h in Headers */,
				1EF251FD1D226E71005757A0 /* xpath.h in Headers */,
				1EF251CD1D226E71005757A0 /* threads.h in Headers */,
				1EF251AD1D226E71005757A0 /* globals.h in Headers */,
				1EF251B51D226E71005757A0 /* HTMLparser.h in Headers */,
				1EF251C11D226E71005757A0 /* parser.h in Headers */,
				1EF251F51D226E71005757A0 /* xmlstring.h in Headers */,
				1EF251F91D226E71005757A0 /* xmlversion.h in Headers */,
				1EF251D11D226E71005757A0 /* tree.h in Headers */,
				1EF251ED1D226E71005757A0 /* xmlmemory.h in Headers */,
				1EF251B11D226E71005757A0 /* hash.h in Headers */,
				1EF251BD1D226E71005757A0 /* list.h in Headers */,
				1EF251E51D226E71005757A0 /* xmlexports.h in Headers */,
				1EF251E11D226E71005757A0 /* xmlerror.h in Headers */,
				1EF251A91D226E71005757A0 /* entities.h in Headers */,
				1EF251F11D226E71005757A0 /* xmlregexp.h in Headers */,
				1EF251B91D226E71005757A0 /* HTMLtree.h in Headers */,
				1EF251A51D226E71005757A0 /* encoding.h in Headers */,
				1EF251C91D226E71005757A0 /* SAX2.h in Headers */,
				1EF251DD1D226E71005757A0 /* xmlautomata.h in Headers */,
				1EF251E91D226E71005757A0 /* xmlIO.h in Headers */,
				1E689A8E1C86AB330027BEA1 /* Kanna.h in Headers */,
			);
			runOnlyForDeploymentPostprocessing = 0;
		};
		1EAFA0D51B6039D5001F3D84 /* Headers */ = {
			isa = PBXHeadersBuildPhase;
			buildActionMask = 2147483647;
			files = (
				1EF251D21D226E71005757A0 /* valid.h in Headers */,
				1EF251C21D226E71005757A0 /* SAX.h in Headers */,
				1EF2519E1D226E71005757A0 /* dict.h in Headers */,
				1EF251FE1D226E71005757A0 /* xpathInternals.h in Headers */,
				1EF251D61D226E71005757A0 /* xlink.h in Headers */,
				1EF251FA1D226E71005757A0 /* xpath.h in Headers */,
				1EF251CA1D226E71005757A0 /* threads.h in Headers */,
				1EF251AA1D226E71005757A0 /* globals.h in Headers */,
				1EF251B21D226E71005757A0 /* HTMLparser.h in Headers */,
				1EF251BE1D226E71005757A0 /* parser.h in Headers */,
				1EF251F21D226E71005757A0 /* xmlstring.h in Headers */,
				1EF251F61D226E71005757A0 /* xmlversion.h in Headers */,
				1EF251CE1D226E71005757A0 /* tree.h in Headers */,
				1EF251EA1D226E71005757A0 /* xmlmemory.h in Headers */,
				1EF251AE1D226E71005757A0 /* hash.h in Headers */,
				1EF251BA1D226E71005757A0 /* list.h in Headers */,
				1EF251E21D226E71005757A0 /* xmlexports.h in Headers */,
				1EF251DE1D226E71005757A0 /* xmlerror.h in Headers */,
				1EF251A61D226E71005757A0 /* entities.h in Headers */,
				1EF251EE1D226E71005757A0 /* xmlregexp.h in Headers */,
				1EF251B61D226E71005757A0 /* HTMLtree.h in Headers */,
				1EF251A21D226E71005757A0 /* encoding.h in Headers */,
				1EF251C61D226E71005757A0 /* SAX2.h in Headers */,
				1EF251DA1D226E71005757A0 /* xmlautomata.h in Headers */,
				1EF251E61D226E71005757A0 /* xmlIO.h in Headers */,
				1E689A8B1C86AB330027BEA1 /* Kanna.h in Headers */,
			);
			runOnlyForDeploymentPostprocessing = 0;
		};
		1EBA8A681B6632E800226B9C /* Headers */ = {
			isa = PBXHeadersBuildPhase;
			buildActionMask = 2147483647;
			files = (
				1EF251D31D226E71005757A0 /* valid.h in Headers */,
				1EF251C31D226E71005757A0 /* SAX.h in Headers */,
				1EF2519F1D226E71005757A0 /* dict.h in Headers */,
				1EF251FF1D226E71005757A0 /* xpathInternals.h in Headers */,
				1EF251D71D226E71005757A0 /* xlink.h in Headers */,
				1EF251FB1D226E71005757A0 /* xpath.h in Headers */,
				1EF251CB1D226E71005757A0 /* threads.h in Headers */,
				1EF251AB1D226E71005757A0 /* globals.h in Headers */,
				1EF251B31D226E71005757A0 /* HTMLparser.h in Headers */,
				1EF251BF1D226E71005757A0 /* parser.h in Headers */,
				1EF251F31D226E71005757A0 /* xmlstring.h in Headers */,
				1EF251F71D226E71005757A0 /* xmlversion.h in Headers */,
				1EF251CF1D226E71005757A0 /* tree.h in Headers */,
				1EF251EB1D226E71005757A0 /* xmlmemory.h in Headers */,
				1EF251AF1D226E71005757A0 /* hash.h in Headers */,
				1EF251BB1D226E71005757A0 /* list.h in Headers */,
				1EF251E31D226E71005757A0 /* xmlexports.h in Headers */,
				1EF251DF1D226E71005757A0 /* xmlerror.h in Headers */,
				1EF251A71D226E71005757A0 /* entities.h in Headers */,
				1EF251EF1D226E71005757A0 /* xmlregexp.h in Headers */,
				1EF251B71D226E71005757A0 /* HTMLtree.h in Headers */,
				1EF251A31D226E71005757A0 /* encoding.h in Headers */,
				1EF251C71D226E71005757A0 /* SAX2.h in Headers */,
				1EF251DB1D226E71005757A0 /* xmlautomata.h in Headers */,
				1EF251E71D226E71005757A0 /* xmlIO.h in Headers */,
				1E689A8C1C86AB330027BEA1 /* Kanna.h in Headers */,
			);
			runOnlyForDeploymentPostprocessing = 0;
		};
		1EC47DA81BC9729F00647902 /* Headers */ = {
			isa = PBXHeadersBuildPhase;
			buildActionMask = 2147483647;
			files = (
				1EF251D41D226E71005757A0 /* valid.h in Headers */,
				1EF251C41D226E71005757A0 /* SAX.h in Headers */,
				1EF251A01D226E71005757A0 /* dict.h in Headers */,
				1EF252001D226E71005757A0 /* xpathInternals.h in Headers */,
				1EF251D81D226E71005757A0 /* xlink.h in Headers */,
				1EF251FC1D226E71005757A0 /* xpath.h in Headers */,
				1EF251CC1D226E71005757A0 /* threads.h in Headers */,
				1EF251AC1D226E71005757A0 /* globals.h in Headers */,
				1EF251B41D226E71005757A0 /* HTMLparser.h in Headers */,
				1EF251C01D226E71005757A0 /* parser.h in Headers */,
				1EF251F41D226E71005757A0 /* xmlstring.h in Headers */,
				1EF251F81D226E71005757A0 /* xmlversion.h in Headers */,
				1EF251D01D226E71005757A0 /* tree.h in Headers */,
				1EF251EC1D226E71005757A0 /* xmlmemory.h in Headers */,
				1EF251B01D226E71005757A0 /* hash.h in Headers */,
				1EF251BC1D226E71005757A0 /* list.h in Headers */,
				1EF251E41D226E71005757A0 /* xmlexports.h in Headers */,
				1EF251E01D226E71005757A0 /* xmlerror.h in Headers */,
				1EF251A81D226E71005757A0 /* entities.h in Headers */,
				1EF251F01D226E71005757A0 /* xmlregexp.h in Headers */,
				1EF251B81D226E71005757A0 /* HTMLtree.h in Headers */,
				1EF251A41D226E71005757A0 /* encoding.h in Headers */,
				1EF251C81D226E71005757A0 /* SAX2.h in Headers */,
				1EF251DC1D226E71005757A0 /* xmlautomata.h in Headers */,
				1EF251E81D226E71005757A0 /* xmlIO.h in Headers */,
				1E689A8D1C86AB330027BEA1 /* Kanna.h in Headers */,
			);
			runOnlyForDeploymentPostprocessing = 0;
		};
/* End PBXHeadersBuildPhase section */

/* Begin PBXNativeTarget section */
		1E206B831B665E6D00441E12 /* Kanna_OSX Tests */ = {
			isa = PBXNativeTarget;
			buildConfigurationList = 1E206B8D1B665E6D00441E12 /* Build configuration list for PBXNativeTarget "Kanna_OSX Tests" */;
			buildPhases = (
				1E206B801B665E6D00441E12 /* Sources */,
				1E206B811B665E6D00441E12 /* Frameworks */,
				1E206B821B665E6D00441E12 /* Resources */,
			);
			buildRules = (
			);
			dependencies = (
				1E206B8C1B665E6D00441E12 /* PBXTargetDependency */,
			);
			name = "Kanna_OSX Tests";
			productName = "Kanna_OSX Tests";
			productReference = 1E206B841B665E6D00441E12 /* Kanna_OSX Tests.xctest */;
			productType = "com.apple.product-type.bundle.unit-test";
		};
		1E4F86B41BD90AE1008EF835 /* Kanna_watchOS */ = {
			isa = PBXNativeTarget;
			buildConfigurationList = 1E4F86BC1BD90AE1008EF835 /* Build configuration list for PBXNativeTarget "Kanna_watchOS" */;
			buildPhases = (
				1E4F86B01BD90AE1008EF835 /* Sources */,
				1E4F86B11BD90AE1008EF835 /* Frameworks */,
				1E4F86B21BD90AE1008EF835 /* Headers */,
				1E4F86B31BD90AE1008EF835 /* Resources */,
			);
			buildRules = (
			);
			dependencies = (
			);
			name = Kanna_watchOS;
			productName = Kanna;
			productReference = 1E4F86B51BD90AE1008EF835 /* Kanna.framework */;
			productType = "com.apple.product-type.framework";
		};
		1EAFA0D71B6039D5001F3D84 /* Kanna_iOS */ = {
			isa = PBXNativeTarget;
			buildConfigurationList = 1EAFA0EE1B6039D5001F3D84 /* Build configuration list for PBXNativeTarget "Kanna_iOS" */;
			buildPhases = (
				1EAFA0D31B6039D5001F3D84 /* Sources */,
				1EAFA0D41B6039D5001F3D84 /* Frameworks */,
				1EAFA0D51B6039D5001F3D84 /* Headers */,
				1EAFA0D61B6039D5001F3D84 /* Resources */,
			);
			buildRules = (
			);
			dependencies = (
			);
			name = Kanna_iOS;
			productName = Kanna;
			productReference = 1EAFA0D81B6039D5001F3D84 /* Kanna.framework */;
			productType = "com.apple.product-type.framework";
		};
		1EAFA0E21B6039D5001F3D84 /* KannaTests */ = {
			isa = PBXNativeTarget;
			buildConfigurationList = 1EAFA0F11B6039D5001F3D84 /* Build configuration list for PBXNativeTarget "KannaTests" */;
			buildPhases = (
				1EAFA0DF1B6039D5001F3D84 /* Sources */,
				1EAFA0E01B6039D5001F3D84 /* Frameworks */,
				1EAFA0E11B6039D5001F3D84 /* Resources */,
			);
			buildRules = (
			);
			dependencies = (
				1EAFA0E61B6039D5001F3D84 /* PBXTargetDependency */,
			);
			name = KannaTests;
			productName = KannaTests;
			productReference = 1EAFA0E31B6039D5001F3D84 /* KannaTests.xctest */;
			productType = "com.apple.product-type.bundle.unit-test";
		};
		1EBA8A6A1B6632E800226B9C /* Kanna_OSX */ = {
			isa = PBXNativeTarget;
			buildConfigurationList = 1EBA8A821B6632E800226B9C /* Build configuration list for PBXNativeTarget "Kanna_OSX" */;
			buildPhases = (
				1EBA8A661B6632E800226B9C /* Sources */,
				1EBA8A671B6632E800226B9C /* Frameworks */,
				1EBA8A681B6632E800226B9C /* Headers */,
				1EBA8A691B6632E800226B9C /* Resources */,
			);
			buildRules = (
			);
			dependencies = (
			);
			name = Kanna_OSX;
			productName = Kanna_OSX;
			productReference = 1EBA8A6B1B6632E800226B9C /* Kanna.framework */;
			productType = "com.apple.product-type.framework";
		};
		1EC47DAA1BC9729F00647902 /* Kanna_tvOS */ = {
			isa = PBXNativeTarget;
			buildConfigurationList = 1EC47DC01BC9729F00647902 /* Build configuration list for PBXNativeTarget "Kanna_tvOS" */;
			buildPhases = (
				1EC47DA61BC9729F00647902 /* Sources */,
				1EC47DA71BC9729F00647902 /* Frameworks */,
				1EC47DA81BC9729F00647902 /* Headers */,
				1EC47DA91BC9729F00647902 /* Resources */,
			);
			buildRules = (
			);
			dependencies = (
			);
			name = Kanna_tvOS;
			productName = Kanna;
			productReference = 1EC47DAB1BC9729F00647902 /* Kanna.framework */;
			productType = "com.apple.product-type.framework";
		};
		1EC47DB31BC9729F00647902 /* Kanna_tvOS Tests */ = {
			isa = PBXNativeTarget;
			buildConfigurationList = 1EC47DC11BC9729F00647902 /* Build configuration list for PBXNativeTarget "Kanna_tvOS Tests" */;
			buildPhases = (
				1EC47DB01BC9729F00647902 /* Sources */,
				1EC47DB11BC9729F00647902 /* Frameworks */,
				1EC47DB21BC9729F00647902 /* Resources */,
			);
			buildRules = (
			);
			dependencies = (
				1EC47DB71BC9729F00647902 /* PBXTargetDependency */,
			);
			name = "Kanna_tvOS Tests";
			productName = KannaTests;
			productReference = 1EC47DB41BC9729F00647902 /* Kanna_tvOS Tests.xctest */;
			productType = "com.apple.product-type.bundle.unit-test";
		};
/* End PBXNativeTarget section */

/* Begin PBXProject section */
		1EAFA0CF1B6039D5001F3D84 /* Project object */ = {
			isa = PBXProject;
			attributes = {
				LastSwiftUpdateCheck = 0730;
				LastUpgradeCheck = 0730;
				ORGANIZATIONNAME = tid;
				TargetAttributes = {
					1E206B831B665E6D00441E12 = {
						CreatedOnToolsVersion = 6.4;
					};
					1E4F86B41BD90AE1008EF835 = {
						CreatedOnToolsVersion = 7.1;
					};
					1EAFA0D71B6039D5001F3D84 = {
						CreatedOnToolsVersion = 6.4;
					};
					1EAFA0E21B6039D5001F3D84 = {
						CreatedOnToolsVersion = 6.4;
					};
					1EBA8A6A1B6632E800226B9C = {
						CreatedOnToolsVersion = 6.4;
					};
					1EC47DAA1BC9729F00647902 = {
						CreatedOnToolsVersion = 7.1;
					};
					1EC47DB31BC9729F00647902 = {
						CreatedOnToolsVersion = 7.1;
					};
				};
			};
			buildConfigurationList = 1EAFA0D21B6039D5001F3D84 /* Build configuration list for PBXProject "Kanna" */;
			compatibilityVersion = "Xcode 3.2";
			developmentRegion = English;
			hasScannedForEncodings = 0;
			knownRegions = (
				en,
			);
			mainGroup = 1EAFA0CE1B6039D5001F3D84;
			productRefGroup = 1EAFA0D91B6039D5001F3D84 /* Products */;
			projectDirPath = "";
			projectRoot = "";
			targets = (
				1EAFA0D71B6039D5001F3D84 /* Kanna_iOS */,
				1EBA8A6A1B6632E800226B9C /* Kanna_OSX */,
				1EC47DAA1BC9729F00647902 /* Kanna_tvOS */,
				1E4F86B41BD90AE1008EF835 /* Kanna_watchOS */,
				1EAFA0E21B6039D5001F3D84 /* KannaTests */,
				1E206B831B665E6D00441E12 /* Kanna_OSX Tests */,
				1EC47DB31BC9729F00647902 /* Kanna_tvOS Tests */,
			);
		};
/* End PBXProject section */

/* Begin PBXResourcesBuildPhase section */
		1E206B821B665E6D00441E12 /* Resources */ = {
			isa = PBXResourcesBuildPhase;
			buildActionMask = 2147483647;
			files = (
				1EF2517F1D20EBFE005757A0 /* sample.html in Resources */,
				1EF251781D20D05C005757A0 /* libraries.xml in Resources */,
				1EF251721D20CD8F005757A0 /* versions.xml in Resources */,
				1E206B911B666AD400441E12 /* test_HTML4.html in Resources */,
				1E206B921B666AD400441E12 /* test_XML_ExcelWorkbook.xml in Resources */,
			);
			runOnlyForDeploymentPostprocessing = 0;
		};
		1E4F86B31BD90AE1008EF835 /* Resources */ = {
			isa = PBXResourcesBuildPhase;
			buildActionMask = 2147483647;
			files = (
			);
			runOnlyForDeploymentPostprocessing = 0;
		};
		1EAFA0D61B6039D5001F3D84 /* Resources */ = {
			isa = PBXResourcesBuildPhase;
			buildActionMask = 2147483647;
			files = (
				1EF251711D20CD2C005757A0 /* versions.xml in Resources */,
				1EF251761D20D043005757A0 /* libraries.xml in Resources */,
				1EF2517D1D20EBED005757A0 /* sample.html in Resources */,
			);
			runOnlyForDeploymentPostprocessing = 0;
		};
		1EAFA0E11B6039D5001F3D84 /* Resources */ = {
			isa = PBXResourcesBuildPhase;
			buildActionMask = 2147483647;
			files = (
				1EF2517E1D20EBFB005757A0 /* sample.html in Resources */,
				1EF251771D20D058005757A0 /* libraries.xml in Resources */,
				1EF251731D20CD93005757A0 /* versions.xml in Resources */,
				1E69153F1B64114900AF1851 /* test_HTML4.html in Resources */,
				1EBA8A321B6561D900226B9C /* test_XML_ExcelWorkbook.xml in Resources */,
			);
			runOnlyForDeploymentPostprocessing = 0;
		};
		1EBA8A691B6632E800226B9C /* Resources */ = {
			isa = PBXResourcesBuildPhase;
			buildActionMask = 2147483647;
			files = (
			);
			runOnlyForDeploymentPostprocessing = 0;
		};
		1EC47DA91BC9729F00647902 /* Resources */ = {
			isa = PBXResourcesBuildPhase;
			buildActionMask = 2147483647;
			files = (
			);
			runOnlyForDeploymentPostprocessing = 0;
		};
		1EC47DB21BC9729F00647902 /* Resources */ = {
			isa = PBXResourcesBuildPhase;
			buildActionMask = 2147483647;
			files = (
				1EF251801D20EC00005757A0 /* sample.html in Resources */,
				1EF251741D20CD96005757A0 /* versions.xml in Resources */,
				1EF251791D20D05F005757A0 /* libraries.xml in Resources */,
				1EF2517A1D20D064005757A0 /* test_HTML4.html in Resources */,
				1EF2517B1D20D064005757A0 /* test_XML_ExcelWorkbook.xml in Resources */,
			);
			runOnlyForDeploymentPostprocessing = 0;
		};
/* End PBXResourcesBuildPhase section */

/* Begin PBXSourcesBuildPhase section */
		1E206B801B665E6D00441E12 /* Sources */ = {
			isa = PBXSourcesBuildPhase;
			buildActionMask = 2147483647;
			files = (
				1E206B901B665E8700441E12 /* KannaTests.swift in Sources */,
				1EF251821D225F48005757A0 /* KannaTutorialsTest.swift in Sources */,
			);
			runOnlyForDeploymentPostprocessing = 0;
		};
		1E4F86B01BD90AE1008EF835 /* Sources */ = {
			isa = PBXSourcesBuildPhase;
			buildActionMask = 2147483647;
			files = (
				1E689A9E1C86AB330027BEA1 /* libxmlParserOption.swift in Sources */,
				1E689A961C86AB330027BEA1 /* libxmlHTMLDocument.swift in Sources */,
				1E689A8A1C86AB330027BEA1 /* CSS.swift in Sources */,
				1E689A9A1C86AB330027BEA1 /* libxmlHTMLNode.swift in Sources */,
				1E689A921C86AB330027BEA1 /* Kanna.swift in Sources */,
			);
			runOnlyForDeploymentPostprocessing = 0;
		};
		1EAFA0D31B6039D5001F3D84 /* Sources */ = {
			isa = PBXSourcesBuildPhase;
			buildActionMask = 2147483647;
			files = (
				1E689A9B1C86AB330027BEA1 /* libxmlParserOption.swift in Sources */,
				1E689A931C86AB330027BEA1 /* libxmlHTMLDocument.swift in Sources */,
				1E689A871C86AB330027BEA1 /* CSS.swift in Sources */,
				1E689A971C86AB330027BEA1 /* libxmlHTMLNode.swift in Sources */,
				1E689A8F1C86AB330027BEA1 /* Kanna.swift in Sources */,
			);
			runOnlyForDeploymentPostprocessing = 0;
		};
		1EAFA0DF1B6039D5001F3D84 /* Sources */ = {
			isa = PBXSourcesBuildPhase;
			buildActionMask = 2147483647;
			files = (
				1EAFA0F91B603A71001F3D84 /* KannaTests.swift in Sources */,
				1EF251831D225F48005757A0 /* KannaTutorialsTest.swift in Sources */,
			);
			runOnlyForDeploymentPostprocessing = 0;
		};
		1EBA8A661B6632E800226B9C /* Sources */ = {
			isa = PBXSourcesBuildPhase;
			buildActionMask = 2147483647;
			files = (
				1E689A9C1C86AB330027BEA1 /* libxmlParserOption.swift in Sources */,
				1E689A941C86AB330027BEA1 /* libxmlHTMLDocument.swift in Sources */,
				1E689A881C86AB330027BEA1 /* CSS.swift in Sources */,
				1E689A981C86AB330027BEA1 /* libxmlHTMLNode.swift in Sources */,
				1E689A901C86AB330027BEA1 /* Kanna.swift in Sources */,
			);
			runOnlyForDeploymentPostprocessing = 0;
		};
		1EC47DA61BC9729F00647902 /* Sources */ = {
			isa = PBXSourcesBuildPhase;
			buildActionMask = 2147483647;
			files = (
				1E689A9D1C86AB330027BEA1 /* libxmlParserOption.swift in Sources */,
				1E689A951C86AB330027BEA1 /* libxmlHTMLDocument.swift in Sources */,
				1E689A891C86AB330027BEA1 /* CSS.swift in Sources */,
				1E689A991C86AB330027BEA1 /* libxmlHTMLNode.swift in Sources */,
				1E689A911C86AB330027BEA1 /* Kanna.swift in Sources */,
			);
			runOnlyForDeploymentPostprocessing = 0;
		};
		1EC47DB01BC9729F00647902 /* Sources */ = {
			isa = PBXSourcesBuildPhase;
			buildActionMask = 2147483647;
			files = (
				1EF2516E1D20CADB005757A0 /* KannaTests.swift in Sources */,
				1EF251811D225F48005757A0 /* KannaTutorialsTest.swift in Sources */,
			);
			runOnlyForDeploymentPostprocessing = 0;
		};
/* End PBXSourcesBuildPhase section */

/* Begin PBXTargetDependency section */
		1E206B8C1B665E6D00441E12 /* PBXTargetDependency */ = {
			isa = PBXTargetDependency;
			target = 1EBA8A6A1B6632E800226B9C /* Kanna_OSX */;
			targetProxy = 1E206B8B1B665E6D00441E12 /* PBXContainerItemProxy */;
		};
		1EAFA0E61B6039D5001F3D84 /* PBXTargetDependency */ = {
			isa = PBXTargetDependency;
			target = 1EAFA0D71B6039D5001F3D84 /* Kanna_iOS */;
			targetProxy = 1EAFA0E51B6039D5001F3D84 /* PBXContainerItemProxy */;
		};
		1EC47DB71BC9729F00647902 /* PBXTargetDependency */ = {
			isa = PBXTargetDependency;
			target = 1EC47DAA1BC9729F00647902 /* Kanna_tvOS */;
			targetProxy = 1EC47DB61BC9729F00647902 /* PBXContainerItemProxy */;
		};
/* End PBXTargetDependency section */

/* Begin XCBuildConfiguration section */
		1E206B8E1B665E6D00441E12 /* Debug */ = {
			isa = XCBuildConfiguration;
			buildSettings = {
				COMBINE_HIDPI_IMAGES = YES;
				DEBUG_INFORMATION_FORMAT = dwarf;
				FRAMEWORK_SEARCH_PATHS = (
					"$(DEVELOPER_FRAMEWORKS_DIR)",
					"$(inherited)",
				);
				GCC_PREPROCESSOR_DEFINITIONS = (
					"DEBUG=1",
					"$(inherited)",
				);
				INFOPLIST_FILE = Tests/Info.plist;
				LD_RUNPATH_SEARCH_PATHS = "$(inherited) @executable_path/../Frameworks @loader_path/../Frameworks";
				MACOSX_DEPLOYMENT_TARGET = 10.10;
				PRODUCT_BUNDLE_IDENTIFIER = "com.tid.$(PRODUCT_NAME:rfc1034identifier)";
				PRODUCT_NAME = "$(TARGET_NAME)";
				SDKROOT = macosx;
			};
			name = Debug;
		};
		1E206B8F1B665E6D00441E12 /* Release */ = {
			isa = XCBuildConfiguration;
			buildSettings = {
				COMBINE_HIDPI_IMAGES = YES;
				FRAMEWORK_SEARCH_PATHS = (
					"$(DEVELOPER_FRAMEWORKS_DIR)",
					"$(inherited)",
				);
				INFOPLIST_FILE = Tests/Info.plist;
				LD_RUNPATH_SEARCH_PATHS = "$(inherited) @executable_path/../Frameworks @loader_path/../Frameworks";
				MACOSX_DEPLOYMENT_TARGET = 10.10;
				PRODUCT_BUNDLE_IDENTIFIER = "com.tid.$(PRODUCT_NAME:rfc1034identifier)";
				PRODUCT_NAME = "$(TARGET_NAME)";
				SDKROOT = macosx;
			};
			name = Release;
		};
		1E4F86BA1BD90AE1008EF835 /* Debug */ = {
			isa = XCBuildConfiguration;
			buildSettings = {
				BITCODE_GENERATION_MODE = marker;
				CLANG_ENABLE_MODULES = YES;
				DEBUG_INFORMATION_FORMAT = dwarf;
				DEFINES_MODULE = YES;
				DYLIB_COMPATIBILITY_VERSION = 1;
				DYLIB_CURRENT_VERSION = 1;
				DYLIB_INSTALL_NAME_BASE = "@rpath";
				INFOPLIST_FILE = "$(SRCROOT)/Sources/Info.plist";
				INSTALL_PATH = "$(LOCAL_LIBRARY_DIR)/Frameworks";
				LD_RUNPATH_SEARCH_PATHS = "$(inherited) @executable_path/Frameworks @loader_path/Frameworks";
				OTHER_LDFLAGS = "-lxml2";
				PRODUCT_BUNDLE_IDENTIFIER = com.tid.Kanna;
				PRODUCT_NAME = Kanna;
				SDKROOT = watchos;
				SKIP_INSTALL = YES;
				SWIFT_INCLUDE_PATHS = "";
				SWIFT_OPTIMIZATION_LEVEL = "-Onone";
				TARGETED_DEVICE_FAMILY = 4;
				WATCHOS_DEPLOYMENT_TARGET = 2.0;
			};
			name = Debug;
		};
		1E4F86BB1BD90AE1008EF835 /* Release */ = {
			isa = XCBuildConfiguration;
			buildSettings = {
				BITCODE_GENERATION_MODE = bitcode;
				CLANG_ENABLE_MODULES = YES;
				DEFINES_MODULE = YES;
				DYLIB_COMPATIBILITY_VERSION = 1;
				DYLIB_CURRENT_VERSION = 1;
				DYLIB_INSTALL_NAME_BASE = "@rpath";
				INFOPLIST_FILE = "$(SRCROOT)/Sources/Info.plist";
				INSTALL_PATH = "$(LOCAL_LIBRARY_DIR)/Frameworks";
				LD_RUNPATH_SEARCH_PATHS = "$(inherited) @executable_path/Frameworks @loader_path/Frameworks";
				OTHER_LDFLAGS = "-lxml2";
				PRODUCT_BUNDLE_IDENTIFIER = com.tid.Kanna;
				PRODUCT_NAME = Kanna;
				SDKROOT = watchos;
				SKIP_INSTALL = YES;
				SWIFT_INCLUDE_PATHS = "";
				TARGETED_DEVICE_FAMILY = 4;
				WATCHOS_DEPLOYMENT_TARGET = 2.0;
			};
			name = Release;
		};
		1EAFA0EC1B6039D5001F3D84 /* Debug */ = {
			isa = XCBuildConfiguration;
			buildSettings = {
				ALWAYS_SEARCH_USER_PATHS = NO;
				APPLICATION_EXTENSION_API_ONLY = YES;
				CLANG_ALLOW_NON_MODULAR_INCLUDES_IN_FRAMEWORK_MODULES = NO;
				CLANG_CXX_LANGUAGE_STANDARD = "gnu++0x";
				CLANG_CXX_LIBRARY = "libc++";
				CLANG_ENABLE_MODULES = YES;
				CLANG_ENABLE_OBJC_ARC = YES;
				CLANG_WARN_BOOL_CONVERSION = YES;
				CLANG_WARN_CONSTANT_CONVERSION = YES;
				CLANG_WARN_DIRECT_OBJC_ISA_USAGE = YES_ERROR;
				CLANG_WARN_EMPTY_BODY = YES;
				CLANG_WARN_ENUM_CONVERSION = YES;
				CLANG_WARN_INT_CONVERSION = YES;
				CLANG_WARN_OBJC_ROOT_CLASS = YES_ERROR;
				CLANG_WARN_UNREACHABLE_CODE = YES;
				CLANG_WARN__DUPLICATE_METHOD_MATCH = YES;
				"CODE_SIGN_IDENTITY[sdk=iphoneos*]" = "iPhone Developer";
				COPY_PHASE_STRIP = NO;
				CURRENT_PROJECT_VERSION = 1;
				DEBUG_INFORMATION_FORMAT = "dwarf-with-dsym";
				ENABLE_STRICT_OBJC_MSGSEND = YES;
				ENABLE_TESTABILITY = YES;
				GCC_C_LANGUAGE_STANDARD = gnu99;
				GCC_DYNAMIC_NO_PIC = NO;
				GCC_NO_COMMON_BLOCKS = YES;
				GCC_OPTIMIZATION_LEVEL = 0;
				GCC_PREPROCESSOR_DEFINITIONS = (
					"DEBUG=1",
					"$(inherited)",
				);
				GCC_SYMBOLS_PRIVATE_EXTERN = NO;
				GCC_WARN_64_TO_32_BIT_CONVERSION = YES;
				GCC_WARN_ABOUT_RETURN_TYPE = YES_ERROR;
				GCC_WARN_UNDECLARED_SELECTOR = YES;
				GCC_WARN_UNINITIALIZED_AUTOS = YES_AGGRESSIVE;
				GCC_WARN_UNUSED_FUNCTION = YES;
				GCC_WARN_UNUSED_VARIABLE = YES;
				HEADER_SEARCH_PATHS = (
					"$(inherited)",
					"$(SRCROOT)/Sources/libxml",
				);
				IPHONEOS_DEPLOYMENT_TARGET = 8.0;
				MACOSX_DEPLOYMENT_TARGET = 10.9;
				MTL_ENABLE_DEBUG_INFO = YES;
				ONLY_ACTIVE_ARCH = YES;
				OTHER_LDFLAGS = "";
				SDKROOT = iphoneos;
				SWIFT_INCLUDE_PATHS = "$(SRCROOT)/Modules";
				SWIFT_OPTIMIZATION_LEVEL = "-Onone";
				TARGETED_DEVICE_FAMILY = "1,2";
				VERSIONING_SYSTEM = "apple-generic";
				VERSION_INFO_PREFIX = "";
			};
			name = Debug;
		};
		1EAFA0ED1B6039D5001F3D84 /* Release */ = {
			isa = XCBuildConfiguration;
			buildSettings = {
				ALWAYS_SEARCH_USER_PATHS = NO;
				APPLICATION_EXTENSION_API_ONLY = YES;
				CLANG_ALLOW_NON_MODULAR_INCLUDES_IN_FRAMEWORK_MODULES = NO;
				CLANG_CXX_LANGUAGE_STANDARD = "gnu++0x";
				CLANG_CXX_LIBRARY = "libc++";
				CLANG_ENABLE_MODULES = YES;
				CLANG_ENABLE_OBJC_ARC = YES;
				CLANG_WARN_BOOL_CONVERSION = YES;
				CLANG_WARN_CONSTANT_CONVERSION = YES;
				CLANG_WARN_DIRECT_OBJC_ISA_USAGE = YES_ERROR;
				CLANG_WARN_EMPTY_BODY = YES;
				CLANG_WARN_ENUM_CONVERSION = YES;
				CLANG_WARN_INT_CONVERSION = YES;
				CLANG_WARN_OBJC_ROOT_CLASS = YES_ERROR;
				CLANG_WARN_UNREACHABLE_CODE = YES;
				CLANG_WARN__DUPLICATE_METHOD_MATCH = YES;
				"CODE_SIGN_IDENTITY[sdk=iphoneos*]" = "iPhone Developer";
				COPY_PHASE_STRIP = NO;
				CURRENT_PROJECT_VERSION = 1;
				DEBUG_INFORMATION_FORMAT = "dwarf-with-dsym";
				ENABLE_NS_ASSERTIONS = NO;
				ENABLE_STRICT_OBJC_MSGSEND = YES;
				GCC_C_LANGUAGE_STANDARD = gnu99;
				GCC_NO_COMMON_BLOCKS = YES;
				GCC_WARN_64_TO_32_BIT_CONVERSION = YES;
				GCC_WARN_ABOUT_RETURN_TYPE = YES_ERROR;
				GCC_WARN_UNDECLARED_SELECTOR = YES;
				GCC_WARN_UNINITIALIZED_AUTOS = YES_AGGRESSIVE;
				GCC_WARN_UNUSED_FUNCTION = YES;
				GCC_WARN_UNUSED_VARIABLE = YES;
				HEADER_SEARCH_PATHS = (
					"$(inherited)",
					"$(SRCROOT)/Sources/libxml",
				);
				IPHONEOS_DEPLOYMENT_TARGET = 8.0;
				MACOSX_DEPLOYMENT_TARGET = 10.9;
				MTL_ENABLE_DEBUG_INFO = NO;
				OTHER_LDFLAGS = "";
				SDKROOT = iphoneos;
				SWIFT_INCLUDE_PATHS = "$(SRCROOT)/Modules";
				TARGETED_DEVICE_FAMILY = "1,2";
				VALIDATE_PRODUCT = YES;
				VERSIONING_SYSTEM = "apple-generic";
				VERSION_INFO_PREFIX = "";
			};
			name = Release;
		};
		1EAFA0EF1B6039D5001F3D84 /* Debug */ = {
			isa = XCBuildConfiguration;
			buildSettings = {
				BITCODE_GENERATION_MODE = marker;
				CLANG_ALLOW_NON_MODULAR_INCLUDES_IN_FRAMEWORK_MODULES = NO;
				CLANG_ENABLE_MODULES = YES;
				DEFINES_MODULE = YES;
				DYLIB_COMPATIBILITY_VERSION = 1;
				DYLIB_CURRENT_VERSION = 1;
				DYLIB_INSTALL_NAME_BASE = "@rpath";
				HEADER_SEARCH_PATHS = (
					"$(inherited)",
					"$(SRCROOT)/Library",
				);
				INFOPLIST_FILE = Sources/Info.plist;
				INSTALL_PATH = "$(LOCAL_LIBRARY_DIR)/Frameworks";
				LD_RUNPATH_SEARCH_PATHS = "$(inherited) @executable_path/Frameworks @loader_path/Frameworks";
				OTHER_LDFLAGS = "-lxml2";
				PRODUCT_BUNDLE_IDENTIFIER = "com.tid.$(PRODUCT_NAME:rfc1034identifier)";
				PRODUCT_NAME = Kanna;
				SKIP_INSTALL = YES;
				SWIFT_INCLUDE_PATHS = "";
				SWIFT_OPTIMIZATION_LEVEL = "-Onone";
			};
			name = Debug;
		};
		1EAFA0F01B6039D5001F3D84 /* Release */ = {
			isa = XCBuildConfiguration;
			buildSettings = {
				BITCODE_GENERATION_MODE = bitcode;
				CLANG_ALLOW_NON_MODULAR_INCLUDES_IN_FRAMEWORK_MODULES = NO;
				CLANG_ENABLE_MODULES = YES;
				DEFINES_MODULE = YES;
				DYLIB_COMPATIBILITY_VERSION = 1;
				DYLIB_CURRENT_VERSION = 1;
				DYLIB_INSTALL_NAME_BASE = "@rpath";
				ENABLE_TESTABILITY = YES;
				HEADER_SEARCH_PATHS = (
					"$(inherited)",
					"$(SRCROOT)/Library",
				);
				INFOPLIST_FILE = Sources/Info.plist;
				INSTALL_PATH = "$(LOCAL_LIBRARY_DIR)/Frameworks";
				LD_RUNPATH_SEARCH_PATHS = "$(inherited) @executable_path/Frameworks @loader_path/Frameworks";
				OTHER_LDFLAGS = "-lxml2";
				PRODUCT_BUNDLE_IDENTIFIER = "com.tid.$(PRODUCT_NAME:rfc1034identifier)";
				PRODUCT_NAME = Kanna;
				SKIP_INSTALL = YES;
				SWIFT_INCLUDE_PATHS = "";
			};
			name = Release;
		};
		1EAFA0F21B6039D5001F3D84 /* Debug */ = {
			isa = XCBuildConfiguration;
			buildSettings = {
				APPLICATION_EXTENSION_API_ONLY = NO;
				CLANG_ENABLE_MODULES = YES;
				ENABLE_BITCODE = NO;
				FRAMEWORK_SEARCH_PATHS = (
					"$(DEVELOPER_FRAMEWORKS_DIR)",
					"$(inherited)",
				);
				GCC_PREPROCESSOR_DEFINITIONS = (
					"DEBUG=1",
					"$(inherited)",
				);
				INFOPLIST_FILE = Tests/Info.plist;
				LD_RUNPATH_SEARCH_PATHS = "$(inherited) @executable_path/Frameworks @loader_path/Frameworks";
				PRODUCT_BUNDLE_IDENTIFIER = "com.tid.$(PRODUCT_NAME:rfc1034identifier)";
				PRODUCT_NAME = "$(TARGET_NAME)";
				SWIFT_OPTIMIZATION_LEVEL = "-Onone";
			};
			name = Debug;
		};
		1EAFA0F31B6039D5001F3D84 /* Release */ = {
			isa = XCBuildConfiguration;
			buildSettings = {
				APPLICATION_EXTENSION_API_ONLY = NO;
				CLANG_ENABLE_MODULES = YES;
				ENABLE_BITCODE = NO;
				FRAMEWORK_SEARCH_PATHS = (
					"$(DEVELOPER_FRAMEWORKS_DIR)",
					"$(inherited)",
				);
				INFOPLIST_FILE = Tests/Info.plist;
				LD_RUNPATH_SEARCH_PATHS = "$(inherited) @executable_path/Frameworks @loader_path/Frameworks";
				PRODUCT_BUNDLE_IDENTIFIER = "com.tid.$(PRODUCT_NAME:rfc1034identifier)";
				PRODUCT_NAME = "$(TARGET_NAME)";
			};
			name = Release;
		};
		1EBA8A7E1B6632E800226B9C /* Debug */ = {
			isa = XCBuildConfiguration;
			buildSettings = {
				BITCODE_GENERATION_MODE = marker;
				CLANG_ENABLE_MODULES = YES;
				COMBINE_HIDPI_IMAGES = YES;
				DEBUG_INFORMATION_FORMAT = dwarf;
				DEFINES_MODULE = YES;
				DYLIB_COMPATIBILITY_VERSION = 1;
				DYLIB_CURRENT_VERSION = 1;
				DYLIB_INSTALL_NAME_BASE = "@rpath";
				FRAMEWORK_VERSION = A;
				GCC_PREPROCESSOR_DEFINITIONS = (
					"DEBUG=1",
					"$(inherited)",
				);
				INFOPLIST_FILE = Sources/Info.plist;
				INSTALL_PATH = "$(LOCAL_LIBRARY_DIR)/Frameworks";
				LD_RUNPATH_SEARCH_PATHS = "$(inherited) @executable_path/../Frameworks @loader_path/Frameworks";
				MACOSX_DEPLOYMENT_TARGET = 10.9;
				OTHER_LDFLAGS = "-lxml2";
				PRODUCT_BUNDLE_IDENTIFIER = "com.tid.$(PRODUCT_NAME:rfc1034identifier)";
				PRODUCT_NAME = Kanna;
				SDKROOT = macosx;
				SKIP_INSTALL = YES;
				SWIFT_INCLUDE_PATHS = "";
				SWIFT_OPTIMIZATION_LEVEL = "-Onone";
			};
			name = Debug;
		};
		1EBA8A7F1B6632E800226B9C /* Release */ = {
			isa = XCBuildConfiguration;
			buildSettings = {
				BITCODE_GENERATION_MODE = bitcode;
				CLANG_ENABLE_MODULES = YES;
				COMBINE_HIDPI_IMAGES = YES;
				DEFINES_MODULE = YES;
				DYLIB_COMPATIBILITY_VERSION = 1;
				DYLIB_CURRENT_VERSION = 1;
				DYLIB_INSTALL_NAME_BASE = "@rpath";
				ENABLE_TESTABILITY = YES;
				FRAMEWORK_VERSION = A;
				INFOPLIST_FILE = Sources/Info.plist;
				INSTALL_PATH = "$(LOCAL_LIBRARY_DIR)/Frameworks";
				LD_RUNPATH_SEARCH_PATHS = "$(inherited) @executable_path/../Frameworks @loader_path/Frameworks";
				MACOSX_DEPLOYMENT_TARGET = 10.9;
				OTHER_LDFLAGS = "-lxml2";
				PRODUCT_BUNDLE_IDENTIFIER = "com.tid.$(PRODUCT_NAME:rfc1034identifier)";
				PRODUCT_NAME = Kanna;
				SDKROOT = macosx;
				SKIP_INSTALL = YES;
				SWIFT_INCLUDE_PATHS = "";
			};
			name = Release;
		};
		1EC47DBC1BC9729F00647902 /* Debug */ = {
			isa = XCBuildConfiguration;
			buildSettings = {
				BITCODE_GENERATION_MODE = marker;
				CLANG_ENABLE_MODULES = YES;
				DEBUG_INFORMATION_FORMAT = dwarf;
				DEFINES_MODULE = YES;
				DYLIB_COMPATIBILITY_VERSION = 1;
				DYLIB_CURRENT_VERSION = 1;
				DYLIB_INSTALL_NAME_BASE = "@rpath";
				INFOPLIST_FILE = "$(SRCROOT)/Sources/Info.plist";
				INSTALL_PATH = "$(LOCAL_LIBRARY_DIR)/Frameworks";
				LD_RUNPATH_SEARCH_PATHS = "$(inherited) @executable_path/Frameworks @loader_path/Frameworks";
				OTHER_LDFLAGS = "-lxml2";
				PRODUCT_BUNDLE_IDENTIFIER = com.tid.Kanna;
				PRODUCT_NAME = Kanna;
				SDKROOT = appletvos;
				SKIP_INSTALL = YES;
				SWIFT_INCLUDE_PATHS = "";
				SWIFT_OPTIMIZATION_LEVEL = "-Onone";
				TARGETED_DEVICE_FAMILY = 3;
				TVOS_DEPLOYMENT_TARGET = 9.0;
			};
			name = Debug;
		};
		1EC47DBD1BC9729F00647902 /* Release */ = {
			isa = XCBuildConfiguration;
			buildSettings = {
				BITCODE_GENERATION_MODE = bitcode;
				CLANG_ENABLE_MODULES = YES;
				DEFINES_MODULE = YES;
				DYLIB_COMPATIBILITY_VERSION = 1;
				DYLIB_CURRENT_VERSION = 1;
				DYLIB_INSTALL_NAME_BASE = "@rpath";
				INFOPLIST_FILE = "$(SRCROOT)/Sources/Info.plist";
				INSTALL_PATH = "$(LOCAL_LIBRARY_DIR)/Frameworks";
				LD_RUNPATH_SEARCH_PATHS = "$(inherited) @executable_path/Frameworks @loader_path/Frameworks";
				OTHER_LDFLAGS = "-lxml2";
				PRODUCT_BUNDLE_IDENTIFIER = com.tid.Kanna;
				PRODUCT_NAME = Kanna;
				SDKROOT = appletvos;
				SKIP_INSTALL = YES;
				SWIFT_INCLUDE_PATHS = "";
				TARGETED_DEVICE_FAMILY = 3;
				TVOS_DEPLOYMENT_TARGET = 9.0;
			};
			name = Release;
		};
		1EC47DBE1BC9729F00647902 /* Debug */ = {
			isa = XCBuildConfiguration;
			buildSettings = {
				DEBUG_INFORMATION_FORMAT = dwarf;
				INFOPLIST_FILE = KannaTests/Info.plist;
				LD_RUNPATH_SEARCH_PATHS = "$(inherited) @executable_path/Frameworks @loader_path/Frameworks";
				PRODUCT_BUNDLE_IDENTIFIER = com.tid.KannaTests;
				PRODUCT_NAME = "$(TARGET_NAME)";
				SDKROOT = appletvos;
				TVOS_DEPLOYMENT_TARGET = 9.0;
			};
			name = Debug;
		};
		1EC47DBF1BC9729F00647902 /* Release */ = {
			isa = XCBuildConfiguration;
			buildSettings = {
				INFOPLIST_FILE = KannaTests/Info.plist;
				LD_RUNPATH_SEARCH_PATHS = "$(inherited) @executable_path/Frameworks @loader_path/Frameworks";
				PRODUCT_BUNDLE_IDENTIFIER = com.tid.KannaTests;
				PRODUCT_NAME = "$(TARGET_NAME)";
				SDKROOT = appletvos;
				TVOS_DEPLOYMENT_TARGET = 9.0;
			};
			name = Release;
		};
/* End XCBuildConfiguration section */

/* Begin XCConfigurationList section */
		1E206B8D1B665E6D00441E12 /* Build configuration list for PBXNativeTarget "Kanna_OSX Tests" */ = {
			isa = XCConfigurationList;
			buildConfigurations = (
				1E206B8E1B665E6D00441E12 /* Debug */,
				1E206B8F1B665E6D00441E12 /* Release */,
			);
			defaultConfigurationIsVisible = 0;
			defaultConfigurationName = Release;
		};
		1E4F86BC1BD90AE1008EF835 /* Build configuration list for PBXNativeTarget "Kanna_watchOS" */ = {
			isa = XCConfigurationList;
			buildConfigurations = (
				1E4F86BA1BD90AE1008EF835 /* Debug */,
				1E4F86BB1BD90AE1008EF835 /* Release */,
			);
			defaultConfigurationIsVisible = 0;
			defaultConfigurationName = Release;
		};
		1EAFA0D21B6039D5001F3D84 /* Build configuration list for PBXProject "Kanna" */ = {
			isa = XCConfigurationList;
			buildConfigurations = (
				1EAFA0EC1B6039D5001F3D84 /* Debug */,
				1EAFA0ED1B6039D5001F3D84 /* Release */,
			);
			defaultConfigurationIsVisible = 0;
			defaultConfigurationName = Release;
		};
		1EAFA0EE1B6039D5001F3D84 /* Build configuration list for PBXNativeTarget "Kanna_iOS" */ = {
			isa = XCConfigurationList;
			buildConfigurations = (
				1EAFA0EF1B6039D5001F3D84 /* Debug */,
				1EAFA0F01B6039D5001F3D84 /* Release */,
			);
			defaultConfigurationIsVisible = 0;
			defaultConfigurationName = Release;
		};
		1EAFA0F11B6039D5001F3D84 /* Build configuration list for PBXNativeTarget "KannaTests" */ = {
			isa = XCConfigurationList;
			buildConfigurations = (
				1EAFA0F21B6039D5001F3D84 /* Debug */,
				1EAFA0F31B6039D5001F3D84 /* Release */,
			);
			defaultConfigurationIsVisible = 0;
			defaultConfigurationName = Release;
		};
		1EBA8A821B6632E800226B9C /* Build configuration list for PBXNativeTarget "Kanna_OSX" */ = {
			isa = XCConfigurationList;
			buildConfigurations = (
				1EBA8A7E1B6632E800226B9C /* Debug */,
				1EBA8A7F1B6632E800226B9C /* Release */,
			);
			defaultConfigurationIsVisible = 0;
			defaultConfigurationName = Release;
		};
		1EC47DC01BC9729F00647902 /* Build configuration list for PBXNativeTarget "Kanna_tvOS" */ = {
			isa = XCConfigurationList;
			buildConfigurations = (
				1EC47DBC1BC9729F00647902 /* Debug */,
				1EC47DBD1BC9729F00647902 /* Release */,
			);
			defaultConfigurationIsVisible = 0;
			defaultConfigurationName = Release;
		};
		1EC47DC11BC9729F00647902 /* Build configuration list for PBXNativeTarget "Kanna_tvOS Tests" */ = {
			isa = XCConfigurationList;
			buildConfigurations = (
				1EC47DBE1BC9729F00647902 /* Debug */,
				1EC47DBF1BC9729F00647902 /* Release */,
			);
			defaultConfigurationIsVisible = 0;
			defaultConfigurationName = Release;
		};
/* End XCConfigurationList section */
	};
	rootObject = 1EAFA0CF1B6039D5001F3D84 /* Project object */;
}
